// !$*UTF8*$!
{
	archiveVersion = 1;
	classes = {
	};
	objectVersion = 48;
	objects = {

/* Begin PBXBuildFile section */
		84368BC72083A0C300383A9F /* emoji.jpg in Resources */ = {isa = PBXBuildFile; fileRef = 84368BC62083A0C300383A9F /* emoji.jpg */; };
		84368BC92083A7F100383A9F /* home.png in Resources */ = {isa = PBXBuildFile; fileRef = 84368BC82083A7F100383A9F /* home.png */; };
		84368BCC2083C06500383A9F /* soundOn.png in Resources */ = {isa = PBXBuildFile; fileRef = 84368BCA2083C06500383A9F /* soundOn.png */; };
		84368BCD2083C06500383A9F /* soundOff.png in Resources */ = {isa = PBXBuildFile; fileRef = 84368BCB2083C06500383A9F /* soundOff.png */; };
		84446882207566C300921772 /* UIViewFade.swift in Sources */ = {isa = PBXBuildFile; fileRef = 84446881207566C200921772 /* UIViewFade.swift */; };
		8444688620759CB600921772 /* water.gif in Resources */ = {isa = PBXBuildFile; fileRef = 8444688520759CB600921772 /* water.gif */; };
		8444688820763EED00921772 /* colour.gif in Resources */ = {isa = PBXBuildFile; fileRef = 8444688720763EED00921772 /* colour.gif */; };
		844468A02076415B00921772 /* c3.gif in Resources */ = {isa = PBXBuildFile; fileRef = 844468892076415800921772 /* c3.gif */; };
		844468A12076415B00921772 /* c19.gif in Resources */ = {isa = PBXBuildFile; fileRef = 8444688A2076415800921772 /* c19.gif */; };
		844468A22076415B00921772 /* c9.gif in Resources */ = {isa = PBXBuildFile; fileRef = 8444688B2076415900921772 /* c9.gif */; };
		844468A32076415B00921772 /* c20.gif in Resources */ = {isa = PBXBuildFile; fileRef = 8444688C2076415900921772 /* c20.gif */; };
		844468A42076415B00921772 /* c4.gif in Resources */ = {isa = PBXBuildFile; fileRef = 8444688D2076415900921772 /* c4.gif */; };
		844468A52076415B00921772 /* c16.gif in Resources */ = {isa = PBXBuildFile; fileRef = 8444688E2076415900921772 /* c16.gif */; };
		844468A62076415B00921772 /* c13.gif in Resources */ = {isa = PBXBuildFile; fileRef = 8444688F2076415900921772 /* c13.gif */; };
		844468A72076415B00921772 /* c17.gif in Resources */ = {isa = PBXBuildFile; fileRef = 844468902076415900921772 /* c17.gif */; };
		844468A82076415B00921772 /* c11.gif in Resources */ = {isa = PBXBuildFile; fileRef = 844468912076415900921772 /* c11.gif */; };
		844468A92076415B00921772 /* c2.gif in Resources */ = {isa = PBXBuildFile; fileRef = 844468922076415900921772 /* c2.gif */; };
		844468AA2076415B00921772 /* c6.gif in Resources */ = {isa = PBXBuildFile; fileRef = 844468932076415900921772 /* c6.gif */; };
		844468AB2076415B00921772 /* c10.gif in Resources */ = {isa = PBXBuildFile; fileRef = 844468942076415900921772 /* c10.gif */; };
		844468AC2076415B00921772 /* c1.gif in Resources */ = {isa = PBXBuildFile; fileRef = 844468952076415A00921772 /* c1.gif */; };
		844468AD2076415B00921772 /* c8.gif in Resources */ = {isa = PBXBuildFile; fileRef = 844468962076415A00921772 /* c8.gif */; };
		844468AE2076415B00921772 /* c22.gif in Resources */ = {isa = PBXBuildFile; fileRef = 844468972076415A00921772 /* c22.gif */; };
		844468AF2076415B00921772 /* c12.gif in Resources */ = {isa = PBXBuildFile; fileRef = 844468982076415A00921772 /* c12.gif */; };
		844468B02076415B00921772 /* c14.gif in Resources */ = {isa = PBXBuildFile; fileRef = 844468992076415A00921772 /* c14.gif */; };
		844468B12076415B00921772 /* c5.gif in Resources */ = {isa = PBXBuildFile; fileRef = 8444689A2076415A00921772 /* c5.gif */; };
		844468B22076415B00921772 /* c15.gif in Resources */ = {isa = PBXBuildFile; fileRef = 8444689B2076415A00921772 /* c15.gif */; };
		844468B32076415B00921772 /* c7.gif in Resources */ = {isa = PBXBuildFile; fileRef = 8444689C2076415A00921772 /* c7.gif */; };
		844468B42076415B00921772 /* c18.gif in Resources */ = {isa = PBXBuildFile; fileRef = 8444689D2076415A00921772 /* c18.gif */; };
		844468B52076415B00921772 /* c23.gif in Resources */ = {isa = PBXBuildFile; fileRef = 8444689E2076415A00921772 /* c23.gif */; };
		844468B62076415B00921772 /* c21.gif in Resources */ = {isa = PBXBuildFile; fileRef = 8444689F2076415B00921772 /* c21.gif */; };
		844468EB2076429300921772 /* c46.gif in Resources */ = {isa = PBXBuildFile; fileRef = 844468B72076428B00921772 /* c46.gif */; };
		844468EC2076429300921772 /* c42.gif in Resources */ = {isa = PBXBuildFile; fileRef = 844468B82076428B00921772 /* c42.gif */; };
		844468ED2076429300921772 /* c28.gif in Resources */ = {isa = PBXBuildFile; fileRef = 844468B92076428B00921772 /* c28.gif */; };
		844468EE2076429300921772 /* c55.gif in Resources */ = {isa = PBXBuildFile; fileRef = 844468BA2076428C00921772 /* c55.gif */; };
		844468EF2076429300921772 /* c63.gif in Resources */ = {isa = PBXBuildFile; fileRef = 844468BB2076428C00921772 /* c63.gif */; };
		844468F02076429300921772 /* c45.gif in Resources */ = {isa = PBXBuildFile; fileRef = 844468BC2076428C00921772 /* c45.gif */; };
		844468F12076429300921772 /* c60.gif in Resources */ = {isa = PBXBuildFile; fileRef = 844468BD2076428C00921772 /* c60.gif */; };
		844468F22076429300921772 /* c75.gif in Resources */ = {isa = PBXBuildFile; fileRef = 844468BE2076428C00921772 /* c75.gif */; };
		844468F32076429300921772 /* c65.gif in Resources */ = {isa = PBXBuildFile; fileRef = 844468BF2076428D00921772 /* c65.gif */; };
		844468F42076429300921772 /* c25.gif in Resources */ = {isa = PBXBuildFile; fileRef = 844468C02076428D00921772 /* c25.gif */; };
		844468F52076429300921772 /* c29.gif in Resources */ = {isa = PBXBuildFile; fileRef = 844468C12076428D00921772 /* c29.gif */; };
		844468F62076429300921772 /* c43.gif in Resources */ = {isa = PBXBuildFile; fileRef = 844468C22076428D00921772 /* c43.gif */; };
		844468F72076429300921772 /* c24.gif in Resources */ = {isa = PBXBuildFile; fileRef = 844468C32076428D00921772 /* c24.gif */; };
		844468F82076429300921772 /* c49.gif in Resources */ = {isa = PBXBuildFile; fileRef = 844468C42076428D00921772 /* c49.gif */; };
		844468F92076429300921772 /* c39.gif in Resources */ = {isa = PBXBuildFile; fileRef = 844468C52076428D00921772 /* c39.gif */; };
		844468FA2076429300921772 /* c70.gif in Resources */ = {isa = PBXBuildFile; fileRef = 844468C62076428E00921772 /* c70.gif */; };
		844468FB2076429300921772 /* c27.gif in Resources */ = {isa = PBXBuildFile; fileRef = 844468C72076428E00921772 /* c27.gif */; };
		844468FC2076429300921772 /* c37.gif in Resources */ = {isa = PBXBuildFile; fileRef = 844468C82076428E00921772 /* c37.gif */; };
		844468FD2076429300921772 /* c57.gif in Resources */ = {isa = PBXBuildFile; fileRef = 844468C92076428E00921772 /* c57.gif */; };
		844468FE2076429300921772 /* c26.gif in Resources */ = {isa = PBXBuildFile; fileRef = 844468CA2076428E00921772 /* c26.gif */; };
		844468FF2076429300921772 /* c56.gif in Resources */ = {isa = PBXBuildFile; fileRef = 844468CB2076428E00921772 /* c56.gif */; };
		844469002076429300921772 /* c66.gif in Resources */ = {isa = PBXBuildFile; fileRef = 844468CC2076428E00921772 /* c66.gif */; };
		844469012076429300921772 /* c54.gif in Resources */ = {isa = PBXBuildFile; fileRef = 844468CD2076428E00921772 /* c54.gif */; };
		844469022076429300921772 /* c74.gif in Resources */ = {isa = PBXBuildFile; fileRef = 844468CE2076428E00921772 /* c74.gif */; };
		844469032076429300921772 /* c36.gif in Resources */ = {isa = PBXBuildFile; fileRef = 844468CF2076428E00921772 /* c36.gif */; };
		844469042076429300921772 /* c51.gif in Resources */ = {isa = PBXBuildFile; fileRef = 844468D02076428F00921772 /* c51.gif */; };
		844469052076429300921772 /* c59.gif in Resources */ = {isa = PBXBuildFile; fileRef = 844468D12076428F00921772 /* c59.gif */; };
		844469062076429300921772 /* c52.gif in Resources */ = {isa = PBXBuildFile; fileRef = 844468D22076428F00921772 /* c52.gif */; };
		844469072076429300921772 /* c61.gif in Resources */ = {isa = PBXBuildFile; fileRef = 844468D32076428F00921772 /* c61.gif */; };
		844469082076429300921772 /* c34.gif in Resources */ = {isa = PBXBuildFile; fileRef = 844468D42076428F00921772 /* c34.gif */; };
		844469092076429300921772 /* c48.gif in Resources */ = {isa = PBXBuildFile; fileRef = 844468D52076428F00921772 /* c48.gif */; };
		8444690A2076429300921772 /* c58.gif in Resources */ = {isa = PBXBuildFile; fileRef = 844468D62076428F00921772 /* c58.gif */; };
		8444690B2076429300921772 /* c71.gif in Resources */ = {isa = PBXBuildFile; fileRef = 844468D72076428F00921772 /* c71.gif */; };
		8444690C2076429300921772 /* c30.gif in Resources */ = {isa = PBXBuildFile; fileRef = 844468D82076428F00921772 /* c30.gif */; };
		8444690D2076429300921772 /* c38.gif in Resources */ = {isa = PBXBuildFile; fileRef = 844468D92076429000921772 /* c38.gif */; };
		8444690E2076429300921772 /* c31.gif in Resources */ = {isa = PBXBuildFile; fileRef = 844468DA2076429000921772 /* c31.gif */; };
		8444690F2076429300921772 /* c41.gif in Resources */ = {isa = PBXBuildFile; fileRef = 844468DB2076429000921772 /* c41.gif */; };
		844469102076429300921772 /* c67.gif in Resources */ = {isa = PBXBuildFile; fileRef = 844468DC2076429000921772 /* c67.gif */; };
		844469112076429300921772 /* c68.gif in Resources */ = {isa = PBXBuildFile; fileRef = 844468DD2076429000921772 /* c68.gif */; };
		844469122076429300921772 /* c35.gif in Resources */ = {isa = PBXBuildFile; fileRef = 844468DE2076429000921772 /* c35.gif */; };
		844469132076429300921772 /* c69.gif in Resources */ = {isa = PBXBuildFile; fileRef = 844468DF2076429000921772 /* c69.gif */; };
		844469142076429300921772 /* c44.gif in Resources */ = {isa = PBXBuildFile; fileRef = 844468E02076429000921772 /* c44.gif */; };
		844469152076429300921772 /* c33.gif in Resources */ = {isa = PBXBuildFile; fileRef = 844468E12076429100921772 /* c33.gif */; };
		844469162076429300921772 /* c72.gif in Resources */ = {isa = PBXBuildFile; fileRef = 844468E22076429100921772 /* c72.gif */; };
		844469172076429300921772 /* c53.gif in Resources */ = {isa = PBXBuildFile; fileRef = 844468E32076429100921772 /* c53.gif */; };
		844469182076429300921772 /* c32.gif in Resources */ = {isa = PBXBuildFile; fileRef = 844468E42076429100921772 /* c32.gif */; };
		844469192076429300921772 /* c62.gif in Resources */ = {isa = PBXBuildFile; fileRef = 844468E52076429100921772 /* c62.gif */; };
		8444691A2076429300921772 /* c40.gif in Resources */ = {isa = PBXBuildFile; fileRef = 844468E62076429200921772 /* c40.gif */; };
		8444691B2076429300921772 /* c64.gif in Resources */ = {isa = PBXBuildFile; fileRef = 844468E72076429200921772 /* c64.gif */; };
		8444691C2076429300921772 /* c73.gif in Resources */ = {isa = PBXBuildFile; fileRef = 844468E82076429200921772 /* c73.gif */; };
		8444691D2076429300921772 /* c50.gif in Resources */ = {isa = PBXBuildFile; fileRef = 844468E92076429200921772 /* c50.gif */; };
		8444691E2076429300921772 /* c47.gif in Resources */ = {isa = PBXBuildFile; fileRef = 844468EA2076429200921772 /* c47.gif */; };
		844469342076441800921772 /* c90.gif in Resources */ = {isa = PBXBuildFile; fileRef = 8444691F2076441500921772 /* c90.gif */; };
		844469352076441800921772 /* c93.gif in Resources */ = {isa = PBXBuildFile; fileRef = 844469202076441500921772 /* c93.gif */; };
		844469362076441800921772 /* c79.gif in Resources */ = {isa = PBXBuildFile; fileRef = 844469212076441500921772 /* c79.gif */; };
		844469372076441800921772 /* c81.gif in Resources */ = {isa = PBXBuildFile; fileRef = 844469222076441500921772 /* c81.gif */; };
		844469382076441800921772 /* c94.gif in Resources */ = {isa = PBXBuildFile; fileRef = 844469232076441500921772 /* c94.gif */; };
		844469392076441800921772 /* c97.gif in Resources */ = {isa = PBXBuildFile; fileRef = 844469242076441600921772 /* c97.gif */; };
		8444693A2076441800921772 /* c82.gif in Resources */ = {isa = PBXBuildFile; fileRef = 844469252076441600921772 /* c82.gif */; };
		8444693B2076441800921772 /* c83.gif in Resources */ = {isa = PBXBuildFile; fileRef = 844469262076441600921772 /* c83.gif */; };
		8444693C2076441800921772 /* c80.gif in Resources */ = {isa = PBXBuildFile; fileRef = 844469272076441600921772 /* c80.gif */; };
		8444693D2076441800921772 /* c78.gif in Resources */ = {isa = PBXBuildFile; fileRef = 844469282076441600921772 /* c78.gif */; };
		8444693E2076441800921772 /* c96.gif in Resources */ = {isa = PBXBuildFile; fileRef = 844469292076441600921772 /* c96.gif */; };
		8444693F2076441800921772 /* c86.gif in Resources */ = {isa = PBXBuildFile; fileRef = 8444692A2076441600921772 /* c86.gif */; };
		844469402076441800921772 /* c85.gif in Resources */ = {isa = PBXBuildFile; fileRef = 8444692B2076441600921772 /* c85.gif */; };
		844469412076441800921772 /* c95.gif in Resources */ = {isa = PBXBuildFile; fileRef = 8444692C2076441700921772 /* c95.gif */; };
		844469422076441800921772 /* c84.gif in Resources */ = {isa = PBXBuildFile; fileRef = 8444692D2076441700921772 /* c84.gif */; };
		844469432076441800921772 /* c92.gif in Resources */ = {isa = PBXBuildFile; fileRef = 8444692E2076441700921772 /* c92.gif */; };
		844469442076441800921772 /* c99.gif in Resources */ = {isa = PBXBuildFile; fileRef = 8444692F2076441700921772 /* c99.gif */; };
		844469452076441800921772 /* c91.gif in Resources */ = {isa = PBXBuildFile; fileRef = 844469302076441700921772 /* c91.gif */; };
		844469462076441800921772 /* c89.gif in Resources */ = {isa = PBXBuildFile; fileRef = 844469312076441700921772 /* c89.gif */; };
		844469472076441800921772 /* c76.gif in Resources */ = {isa = PBXBuildFile; fileRef = 844469322076441700921772 /* c76.gif */; };
		844469482076441800921772 /* c77.gif in Resources */ = {isa = PBXBuildFile; fileRef = 844469332076441700921772 /* c77.gif */; };
		8444694C207644F700921772 /* bomb17.png in Resources */ = {isa = PBXBuildFile; fileRef = 84446949207644F600921772 /* bomb17.png */; };
		8444694D207644F700921772 /* bomb.svg in Resources */ = {isa = PBXBuildFile; fileRef = 8444694A207644F600921772 /* bomb.svg */; };
		8444694E207644F700921772 /* dynamite-hi.png in Resources */ = {isa = PBXBuildFile; fileRef = 8444694B207644F700921772 /* dynamite-hi.png */; };
		848214332076C8AF001607B0 /* gameplay.wav in Resources */ = {isa = PBXBuildFile; fileRef = 848214322076C8AF001607B0 /* gameplay.wav */; };
		848214352076CA85001607B0 /* lost.wav in Resources */ = {isa = PBXBuildFile; fileRef = 848214342076CA84001607B0 /* lost.wav */; };
		848214372076CB61001607B0 /* gameover.wav in Resources */ = {isa = PBXBuildFile; fileRef = 848214362076CB60001607B0 /* gameover.wav */; };
		848214392076CCA1001607B0 /* sec.wav in Resources */ = {isa = PBXBuildFile; fileRef = 848214382076CCA1001607B0 /* sec.wav */; };
		84D8D8942062BA4D0016C100 /* DraggedImageView.swift in Sources */ = {isa = PBXBuildFile; fileRef = 84D8D8932062BA4D0016C100 /* DraggedImageView.swift */; };
		84F2BA6A2062A137006F6BF4 /* AppDelegate.swift in Sources */ = {isa = PBXBuildFile; fileRef = 84F2BA692062A137006F6BF4 /* AppDelegate.swift */; };
		84F2BA6C2062A137006F6BF4 /* ViewController.swift in Sources */ = {isa = PBXBuildFile; fileRef = 84F2BA6B2062A137006F6BF4 /* ViewController.swift */; };
		84F2BA6F2062A137006F6BF4 /* Main.storyboard in Resources */ = {isa = PBXBuildFile; fileRef = 84F2BA6D2062A137006F6BF4 /* Main.storyboard */; };
		84F2BA712062A137006F6BF4 /* Assets.xcassets in Resources */ = {isa = PBXBuildFile; fileRef = 84F2BA702062A137006F6BF4 /* Assets.xcassets */; };
		84F2BA742062A137006F6BF4 /* LaunchScreen.storyboard in Resources */ = {isa = PBXBuildFile; fileRef = 84F2BA722062A137006F6BF4 /* LaunchScreen.storyboard */; };
		84F2BA7F2062A137006F6BF4 /* CarRacingTests.swift in Sources */ = {isa = PBXBuildFile; fileRef = 84F2BA7E2062A137006F6BF4 /* CarRacingTests.swift */; };
		84F2BA8A2062A137006F6BF4 /* CarRacingUITests.swift in Sources */ = {isa = PBXBuildFile; fileRef = 84F2BA892062A137006F6BF4 /* CarRacingUITests.swift */; };
		84FBFE4F207500890039D24C /* responsiveBackground.swift in Sources */ = {isa = PBXBuildFile; fileRef = 84FBFE4E207500890039D24C /* responsiveBackground.swift */; };
		84FBFE5A2075416C0039D24C /* frame10.gif in Resources */ = {isa = PBXBuildFile; fileRef = 84FBFE502075416A0039D24C /* frame10.gif */; };
		84FBFE5B2075416C0039D24C /* frame6.gif in Resources */ = {isa = PBXBuildFile; fileRef = 84FBFE512075416B0039D24C /* frame6.gif */; };
		84FBFE5C2075416C0039D24C /* frame1.gif in Resources */ = {isa = PBXBuildFile; fileRef = 84FBFE522075416B0039D24C /* frame1.gif */; };
		84FBFE5D2075416C0039D24C /* frame4.gif in Resources */ = {isa = PBXBuildFile; fileRef = 84FBFE532075416B0039D24C /* frame4.gif */; };
		84FBFE5E2075416C0039D24C /* frame3.gif in Resources */ = {isa = PBXBuildFile; fileRef = 84FBFE542075416B0039D24C /* frame3.gif */; };
		84FBFE5F2075416C0039D24C /* frame9.gif in Resources */ = {isa = PBXBuildFile; fileRef = 84FBFE552075416B0039D24C /* frame9.gif */; };
		84FBFE602075416C0039D24C /* frame8.gif in Resources */ = {isa = PBXBuildFile; fileRef = 84FBFE562075416B0039D24C /* frame8.gif */; };
		84FBFE612075416C0039D24C /* frame7.gif in Resources */ = {isa = PBXBuildFile; fileRef = 84FBFE572075416C0039D24C /* frame7.gif */; };
		84FBFE622075416C0039D24C /* frame2.gif in Resources */ = {isa = PBXBuildFile; fileRef = 84FBFE582075416C0039D24C /* frame2.gif */; };
		84FBFE632075416C0039D24C /* frame5.gif in Resources */ = {isa = PBXBuildFile; fileRef = 84FBFE592075416C0039D24C /* frame5.gif */; };
		84FBFE7C20754A270039D24C /* angry2.gif in Resources */ = {isa = PBXBuildFile; fileRef = 84FBFE7A20754A270039D24C /* angry2.gif */; };
		84FBFE7D20754A270039D24C /* angry1.gif in Resources */ = {isa = PBXBuildFile; fileRef = 84FBFE7B20754A270039D24C /* angry1.gif */; };
		84FBFE8220754B0E0039D24C /* snow.png in Resources */ = {isa = PBXBuildFile; fileRef = 84FBFE7E20754B0D0039D24C /* snow.png */; };
		84FBFE8320754B0E0039D24C /* rain.png in Resources */ = {isa = PBXBuildFile; fileRef = 84FBFE7F20754B0D0039D24C /* rain.png */; };
		84FBFE8420754B0E0039D24C /* thunder.png in Resources */ = {isa = PBXBuildFile; fileRef = 84FBFE8020754B0D0039D24C /* thunder.png */; };
		84FBFE8520754B0E0039D24C /* snow1.png in Resources */ = {isa = PBXBuildFile; fileRef = 84FBFE8120754B0D0039D24C /* snow1.png */; };
		84FBFE8720754BDD0039D24C /* redface.png in Resources */ = {isa = PBXBuildFile; fileRef = 84FBFE8620754BDD0039D24C /* redface.png */; };
		84FBFE97207551070039D24C /* color9.png in Resources */ = {isa = PBXBuildFile; fileRef = 84FBFE88207551050039D24C /* color9.png */; };
		84FBFE98207551070039D24C /* color11.png in Resources */ = {isa = PBXBuildFile; fileRef = 84FBFE89207551060039D24C /* color11.png */; };
		84FBFE99207551070039D24C /* color3.png in Resources */ = {isa = PBXBuildFile; fileRef = 84FBFE8A207551060039D24C /* color3.png */; };
		84FBFE9A207551070039D24C /* color1.png in Resources */ = {isa = PBXBuildFile; fileRef = 84FBFE8B207551060039D24C /* color1.png */; };
		84FBFE9B207551070039D24C /* color.png in Resources */ = {isa = PBXBuildFile; fileRef = 84FBFE8C207551060039D24C /* color.png */; };
		84FBFE9C207551070039D24C /* color10.png in Resources */ = {isa = PBXBuildFile; fileRef = 84FBFE8D207551060039D24C /* color10.png */; };
		84FBFE9D207551070039D24C /* color13.png in Resources */ = {isa = PBXBuildFile; fileRef = 84FBFE8E207551060039D24C /* color13.png */; };
		84FBFE9E207551070039D24C /* color7.png in Resources */ = {isa = PBXBuildFile; fileRef = 84FBFE8F207551060039D24C /* color7.png */; };
		84FBFE9F207551070039D24C /* color5.png in Resources */ = {isa = PBXBuildFile; fileRef = 84FBFE90207551060039D24C /* color5.png */; };
		84FBFEA0207551070039D24C /* color6.png in Resources */ = {isa = PBXBuildFile; fileRef = 84FBFE91207551060039D24C /* color6.png */; };
		84FBFEA1207551070039D24C /* color14.png in Resources */ = {isa = PBXBuildFile; fileRef = 84FBFE92207551070039D24C /* color14.png */; };
		84FBFEA2207551070039D24C /* color2.png in Resources */ = {isa = PBXBuildFile; fileRef = 84FBFE93207551070039D24C /* color2.png */; };
		84FBFEA3207551070039D24C /* color8.png in Resources */ = {isa = PBXBuildFile; fileRef = 84FBFE94207551070039D24C /* color8.png */; };
		84FBFEA4207551070039D24C /* color4.png in Resources */ = {isa = PBXBuildFile; fileRef = 84FBFE95207551070039D24C /* color4.png */; };
		84FBFEA5207551070039D24C /* color12.png in Resources */ = {isa = PBXBuildFile; fileRef = 84FBFE96207551070039D24C /* color12.png */; };
		84FBFEAF207551E00039D24C /* color19.png in Resources */ = {isa = PBXBuildFile; fileRef = 84FBFEA6207551E00039D24C /* color19.png */; };
		84FBFEB0207551E00039D24C /* color18.png in Resources */ = {isa = PBXBuildFile; fileRef = 84FBFEA7207551E00039D24C /* color18.png */; };
		84FBFEB1207551E00039D24C /* color20.png in Resources */ = {isa = PBXBuildFile; fileRef = 84FBFEA8207551E00039D24C /* color20.png */; };
		84FBFEB2207551E00039D24C /* color16.png in Resources */ = {isa = PBXBuildFile; fileRef = 84FBFEA9207551E00039D24C /* color16.png */; };
		84FBFEB3207551E00039D24C /* color21.png in Resources */ = {isa = PBXBuildFile; fileRef = 84FBFEAA207551E00039D24C /* color21.png */; };
		84FBFEB4207551E00039D24C /* color23.png in Resources */ = {isa = PBXBuildFile; fileRef = 84FBFEAB207551E00039D24C /* color23.png */; };
		84FBFEB5207551E00039D24C /* color22.png in Resources */ = {isa = PBXBuildFile; fileRef = 84FBFEAC207551E00039D24C /* color22.png */; };
		84FBFEB6207551E00039D24C /* color17.png in Resources */ = {isa = PBXBuildFile; fileRef = 84FBFEAD207551E00039D24C /* color17.png */; };
		84FBFEB7207551E00039D24C /* color15.png in Resources */ = {isa = PBXBuildFile; fileRef = 84FBFEAE207551E00039D24C /* color15.png */; };
		84FBFEB9207559B30039D24C /* gameOver.png in Resources */ = {isa = PBXBuildFile; fileRef = 84FBFEB8207559B20039D24C /* gameOver.png */; };
		84FBFEBB20755DE50039D24C /* hammer.png in Resources */ = {isa = PBXBuildFile; fileRef = 84FBFEBA20755DE50039D24C /* hammer.png */; };
/* End PBXBuildFile section */

/* Begin PBXContainerItemProxy section */
		84F2BA7B2062A137006F6BF4 /* PBXContainerItemProxy */ = {
			isa = PBXContainerItemProxy;
			containerPortal = 84F2BA5E2062A137006F6BF4 /* Project object */;
			proxyType = 1;
			remoteGlobalIDString = 84F2BA652062A137006F6BF4;
			remoteInfo = CarRacing;
		};
		84F2BA862062A137006F6BF4 /* PBXContainerItemProxy */ = {
			isa = PBXContainerItemProxy;
			containerPortal = 84F2BA5E2062A137006F6BF4 /* Project object */;
			proxyType = 1;
			remoteGlobalIDString = 84F2BA652062A137006F6BF4;
			remoteInfo = CarRacing;
		};
/* End PBXContainerItemProxy section */

/* Begin PBXFileReference section */
		84368BC62083A0C300383A9F /* emoji.jpg */ = {isa = PBXFileReference; lastKnownFileType = image.jpeg; name = emoji.jpg; path = ../../../../Downloads/emoji.jpg; sourceTree = "<group>"; };
		84368BC82083A7F100383A9F /* home.png */ = {isa = PBXFileReference; lastKnownFileType = image.png; name = home.png; path = ../../../../Downloads/home.png; sourceTree = "<group>"; };
		84368BCA2083C06500383A9F /* soundOn.png */ = {isa = PBXFileReference; lastKnownFileType = image.png; name = soundOn.png; path = ../../../../Downloads/soundOn.png; sourceTree = "<group>"; };
		84368BCB2083C06500383A9F /* soundOff.png */ = {isa = PBXFileReference; lastKnownFileType = image.png; name = soundOff.png; path = ../../../../Downloads/soundOff.png; sourceTree = "<group>"; };
		84446881207566C200921772 /* UIViewFade.swift */ = {isa = PBXFileReference; lastKnownFileType = sourcecode.swift; path = UIViewFade.swift; sourceTree = "<group>"; };
		8444688520759CB600921772 /* water.gif */ = {isa = PBXFileReference; lastKnownFileType = image.gif; name = water.gif; path = ../../../../Downloads/water.gif; sourceTree = "<group>"; };
		8444688720763EED00921772 /* colour.gif */ = {isa = PBXFileReference; lastKnownFileType = image.gif; name = colour.gif; path = ../../../../Downloads/colour.gif; sourceTree = "<group>"; };
		844468892076415800921772 /* c3.gif */ = {isa = PBXFileReference; lastKnownFileType = image.gif; name = c3.gif; path = ../../../../Downloads/c3.gif; sourceTree = "<group>"; };
		8444688A2076415800921772 /* c19.gif */ = {isa = PBXFileReference; lastKnownFileType = image.gif; name = c19.gif; path = ../../../../Downloads/c19.gif; sourceTree = "<group>"; };
		8444688B2076415900921772 /* c9.gif */ = {isa = PBXFileReference; lastKnownFileType = image.gif; name = c9.gif; path = ../../../../Downloads/c9.gif; sourceTree = "<group>"; };
		8444688C2076415900921772 /* c20.gif */ = {isa = PBXFileReference; lastKnownFileType = image.gif; name = c20.gif; path = ../../../../Downloads/c20.gif; sourceTree = "<group>"; };
		8444688D2076415900921772 /* c4.gif */ = {isa = PBXFileReference; lastKnownFileType = image.gif; name = c4.gif; path = ../../../../Downloads/c4.gif; sourceTree = "<group>"; };
		8444688E2076415900921772 /* c16.gif */ = {isa = PBXFileReference; lastKnownFileType = image.gif; name = c16.gif; path = ../../../../Downloads/c16.gif; sourceTree = "<group>"; };
		8444688F2076415900921772 /* c13.gif */ = {isa = PBXFileReference; lastKnownFileType = image.gif; name = c13.gif; path = ../../../../Downloads/c13.gif; sourceTree = "<group>"; };
		844468902076415900921772 /* c17.gif */ = {isa = PBXFileReference; lastKnownFileType = image.gif; name = c17.gif; path = ../../../../Downloads/c17.gif; sourceTree = "<group>"; };
		844468912076415900921772 /* c11.gif */ = {isa = PBXFileReference; lastKnownFileType = image.gif; name = c11.gif; path = ../../../../Downloads/c11.gif; sourceTree = "<group>"; };
		844468922076415900921772 /* c2.gif */ = {isa = PBXFileReference; lastKnownFileType = image.gif; name = c2.gif; path = ../../../../Downloads/c2.gif; sourceTree = "<group>"; };
		844468932076415900921772 /* c6.gif */ = {isa = PBXFileReference; lastKnownFileType = image.gif; name = c6.gif; path = ../../../../Downloads/c6.gif; sourceTree = "<group>"; };
		844468942076415900921772 /* c10.gif */ = {isa = PBXFileReference; lastKnownFileType = image.gif; name = c10.gif; path = ../../../../Downloads/c10.gif; sourceTree = "<group>"; };
		844468952076415A00921772 /* c1.gif */ = {isa = PBXFileReference; lastKnownFileType = image.gif; name = c1.gif; path = ../../../../Downloads/c1.gif; sourceTree = "<group>"; };
		844468962076415A00921772 /* c8.gif */ = {isa = PBXFileReference; lastKnownFileType = image.gif; name = c8.gif; path = ../../../../Downloads/c8.gif; sourceTree = "<group>"; };
		844468972076415A00921772 /* c22.gif */ = {isa = PBXFileReference; lastKnownFileType = image.gif; name = c22.gif; path = ../../../../Downloads/c22.gif; sourceTree = "<group>"; };
		844468982076415A00921772 /* c12.gif */ = {isa = PBXFileReference; lastKnownFileType = image.gif; name = c12.gif; path = ../../../../Downloads/c12.gif; sourceTree = "<group>"; };
		844468992076415A00921772 /* c14.gif */ = {isa = PBXFileReference; lastKnownFileType = image.gif; name = c14.gif; path = ../../../../Downloads/c14.gif; sourceTree = "<group>"; };
		8444689A2076415A00921772 /* c5.gif */ = {isa = PBXFileReference; lastKnownFileType = image.gif; name = c5.gif; path = ../../../../Downloads/c5.gif; sourceTree = "<group>"; };
		8444689B2076415A00921772 /* c15.gif */ = {isa = PBXFileReference; lastKnownFileType = image.gif; name = c15.gif; path = ../../../../Downloads/c15.gif; sourceTree = "<group>"; };
		8444689C2076415A00921772 /* c7.gif */ = {isa = PBXFileReference; lastKnownFileType = image.gif; name = c7.gif; path = ../../../../Downloads/c7.gif; sourceTree = "<group>"; };
		8444689D2076415A00921772 /* c18.gif */ = {isa = PBXFileReference; lastKnownFileType = image.gif; name = c18.gif; path = ../../../../Downloads/c18.gif; sourceTree = "<group>"; };
		8444689E2076415A00921772 /* c23.gif */ = {isa = PBXFileReference; lastKnownFileType = image.gif; name = c23.gif; path = ../../../../Downloads/c23.gif; sourceTree = "<group>"; };
		8444689F2076415B00921772 /* c21.gif */ = {isa = PBXFileReference; lastKnownFileType = image.gif; name = c21.gif; path = ../../../../Downloads/c21.gif; sourceTree = "<group>"; };
		844468B72076428B00921772 /* c46.gif */ = {isa = PBXFileReference; lastKnownFileType = image.gif; name = c46.gif; path = ../../../../Downloads/c46.gif; sourceTree = "<group>"; };
		844468B82076428B00921772 /* c42.gif */ = {isa = PBXFileReference; lastKnownFileType = image.gif; name = c42.gif; path = ../../../../Downloads/c42.gif; sourceTree = "<group>"; };
		844468B92076428B00921772 /* c28.gif */ = {isa = PBXFileReference; lastKnownFileType = image.gif; name = c28.gif; path = ../../../../Downloads/c28.gif; sourceTree = "<group>"; };
		844468BA2076428C00921772 /* c55.gif */ = {isa = PBXFileReference; lastKnownFileType = image.gif; name = c55.gif; path = ../../../../Downloads/c55.gif; sourceTree = "<group>"; };
		844468BB2076428C00921772 /* c63.gif */ = {isa = PBXFileReference; lastKnownFileType = image.gif; name = c63.gif; path = ../../../../Downloads/c63.gif; sourceTree = "<group>"; };
		844468BC2076428C00921772 /* c45.gif */ = {isa = PBXFileReference; lastKnownFileType = image.gif; name = c45.gif; path = ../../../../Downloads/c45.gif; sourceTree = "<group>"; };
		844468BD2076428C00921772 /* c60.gif */ = {isa = PBXFileReference; lastKnownFileType = image.gif; name = c60.gif; path = ../../../../Downloads/c60.gif; sourceTree = "<group>"; };
		844468BE2076428C00921772 /* c75.gif */ = {isa = PBXFileReference; lastKnownFileType = image.gif; name = c75.gif; path = ../../../../Downloads/c75.gif; sourceTree = "<group>"; };
		844468BF2076428D00921772 /* c65.gif */ = {isa = PBXFileReference; lastKnownFileType = image.gif; name = c65.gif; path = ../../../../Downloads/c65.gif; sourceTree = "<group>"; };
		844468C02076428D00921772 /* c25.gif */ = {isa = PBXFileReference; lastKnownFileType = image.gif; name = c25.gif; path = ../../../../Downloads/c25.gif; sourceTree = "<group>"; };
		844468C12076428D00921772 /* c29.gif */ = {isa = PBXFileReference; lastKnownFileType = image.gif; name = c29.gif; path = ../../../../Downloads/c29.gif; sourceTree = "<group>"; };
		844468C22076428D00921772 /* c43.gif */ = {isa = PBXFileReference; lastKnownFileType = image.gif; name = c43.gif; path = ../../../../Downloads/c43.gif; sourceTree = "<group>"; };
		844468C32076428D00921772 /* c24.gif */ = {isa = PBXFileReference; lastKnownFileType = image.gif; name = c24.gif; path = ../../../../Downloads/c24.gif; sourceTree = "<group>"; };
		844468C42076428D00921772 /* c49.gif */ = {isa = PBXFileReference; lastKnownFileType = image.gif; name = c49.gif; path = ../../../../Downloads/c49.gif; sourceTree = "<group>"; };
		844468C52076428D00921772 /* c39.gif */ = {isa = PBXFileReference; lastKnownFileType = image.gif; name = c39.gif; path = ../../../../Downloads/c39.gif; sourceTree = "<group>"; };
		844468C62076428E00921772 /* c70.gif */ = {isa = PBXFileReference; lastKnownFileType = image.gif; name = c70.gif; path = ../../../../Downloads/c70.gif; sourceTree = "<group>"; };
		844468C72076428E00921772 /* c27.gif */ = {isa = PBXFileReference; lastKnownFileType = image.gif; name = c27.gif; path = ../../../../Downloads/c27.gif; sourceTree = "<group>"; };
		844468C82076428E00921772 /* c37.gif */ = {isa = PBXFileReference; lastKnownFileType = image.gif; name = c37.gif; path = ../../../../Downloads/c37.gif; sourceTree = "<group>"; };
		844468C92076428E00921772 /* c57.gif */ = {isa = PBXFileReference; lastKnownFileType = image.gif; name = c57.gif; path = ../../../../Downloads/c57.gif; sourceTree = "<group>"; };
		844468CA2076428E00921772 /* c26.gif */ = {isa = PBXFileReference; lastKnownFileType = image.gif; name = c26.gif; path = ../../../../Downloads/c26.gif; sourceTree = "<group>"; };
		844468CB2076428E00921772 /* c56.gif */ = {isa = PBXFileReference; lastKnownFileType = image.gif; name = c56.gif; path = ../../../../Downloads/c56.gif; sourceTree = "<group>"; };
		844468CC2076428E00921772 /* c66.gif */ = {isa = PBXFileReference; lastKnownFileType = image.gif; name = c66.gif; path = ../../../../Downloads/c66.gif; sourceTree = "<group>"; };
		844468CD2076428E00921772 /* c54.gif */ = {isa = PBXFileReference; lastKnownFileType = image.gif; name = c54.gif; path = ../../../../Downloads/c54.gif; sourceTree = "<group>"; };
		844468CE2076428E00921772 /* c74.gif */ = {isa = PBXFileReference; lastKnownFileType = image.gif; name = c74.gif; path = ../../../../Downloads/c74.gif; sourceTree = "<group>"; };
		844468CF2076428E00921772 /* c36.gif */ = {isa = PBXFileReference; lastKnownFileType = image.gif; name = c36.gif; path = ../../../../Downloads/c36.gif; sourceTree = "<group>"; };
		844468D02076428F00921772 /* c51.gif */ = {isa = PBXFileReference; lastKnownFileType = image.gif; name = c51.gif; path = ../../../../Downloads/c51.gif; sourceTree = "<group>"; };
		844468D12076428F00921772 /* c59.gif */ = {isa = PBXFileReference; lastKnownFileType = image.gif; name = c59.gif; path = ../../../../Downloads/c59.gif; sourceTree = "<group>"; };
		844468D22076428F00921772 /* c52.gif */ = {isa = PBXFileReference; lastKnownFileType = image.gif; name = c52.gif; path = ../../../../Downloads/c52.gif; sourceTree = "<group>"; };
		844468D32076428F00921772 /* c61.gif */ = {isa = PBXFileReference; lastKnownFileType = image.gif; name = c61.gif; path = ../../../../Downloads/c61.gif; sourceTree = "<group>"; };
		844468D42076428F00921772 /* c34.gif */ = {isa = PBXFileReference; lastKnownFileType = image.gif; name = c34.gif; path = ../../../../Downloads/c34.gif; sourceTree = "<group>"; };
		844468D52076428F00921772 /* c48.gif */ = {isa = PBXFileReference; lastKnownFileType = image.gif; name = c48.gif; path = ../../../../Downloads/c48.gif; sourceTree = "<group>"; };
		844468D62076428F00921772 /* c58.gif */ = {isa = PBXFileReference; lastKnownFileType = image.gif; name = c58.gif; path = ../../../../Downloads/c58.gif; sourceTree = "<group>"; };
		844468D72076428F00921772 /* c71.gif */ = {isa = PBXFileReference; lastKnownFileType = image.gif; name = c71.gif; path = ../../../../Downloads/c71.gif; sourceTree = "<group>"; };
		844468D82076428F00921772 /* c30.gif */ = {isa = PBXFileReference; lastKnownFileType = image.gif; name = c30.gif; path = ../../../../Downloads/c30.gif; sourceTree = "<group>"; };
		844468D92076429000921772 /* c38.gif */ = {isa = PBXFileReference; lastKnownFileType = image.gif; name = c38.gif; path = ../../../../Downloads/c38.gif; sourceTree = "<group>"; };
		844468DA2076429000921772 /* c31.gif */ = {isa = PBXFileReference; lastKnownFileType = image.gif; name = c31.gif; path = ../../../../Downloads/c31.gif; sourceTree = "<group>"; };
		844468DB2076429000921772 /* c41.gif */ = {isa = PBXFileReference; lastKnownFileType = image.gif; name = c41.gif; path = ../../../../Downloads/c41.gif; sourceTree = "<group>"; };
		844468DC2076429000921772 /* c67.gif */ = {isa = PBXFileReference; lastKnownFileType = image.gif; name = c67.gif; path = ../../../../Downloads/c67.gif; sourceTree = "<group>"; };
		844468DD2076429000921772 /* c68.gif */ = {isa = PBXFileReference; lastKnownFileType = image.gif; name = c68.gif; path = ../../../../Downloads/c68.gif; sourceTree = "<group>"; };
		844468DE2076429000921772 /* c35.gif */ = {isa = PBXFileReference; lastKnownFileType = image.gif; name = c35.gif; path = ../../../../Downloads/c35.gif; sourceTree = "<group>"; };
		844468DF2076429000921772 /* c69.gif */ = {isa = PBXFileReference; lastKnownFileType = image.gif; name = c69.gif; path = ../../../../Downloads/c69.gif; sourceTree = "<group>"; };
		844468E02076429000921772 /* c44.gif */ = {isa = PBXFileReference; lastKnownFileType = image.gif; name = c44.gif; path = ../../../../Downloads/c44.gif; sourceTree = "<group>"; };
		844468E12076429100921772 /* c33.gif */ = {isa = PBXFileReference; lastKnownFileType = image.gif; name = c33.gif; path = ../../../../Downloads/c33.gif; sourceTree = "<group>"; };
		844468E22076429100921772 /* c72.gif */ = {isa = PBXFileReference; lastKnownFileType = image.gif; name = c72.gif; path = ../../../../Downloads/c72.gif; sourceTree = "<group>"; };
		844468E32076429100921772 /* c53.gif */ = {isa = PBXFileReference; lastKnownFileType = image.gif; name = c53.gif; path = ../../../../Downloads/c53.gif; sourceTree = "<group>"; };
		844468E42076429100921772 /* c32.gif */ = {isa = PBXFileReference; lastKnownFileType = image.gif; name = c32.gif; path = ../../../../Downloads/c32.gif; sourceTree = "<group>"; };
		844468E52076429100921772 /* c62.gif */ = {isa = PBXFileReference; lastKnownFileType = image.gif; name = c62.gif; path = ../../../../Downloads/c62.gif; sourceTree = "<group>"; };
		844468E62076429200921772 /* c40.gif */ = {isa = PBXFileReference; lastKnownFileType = image.gif; name = c40.gif; path = ../../../../Downloads/c40.gif; sourceTree = "<group>"; };
		844468E72076429200921772 /* c64.gif */ = {isa = PBXFileReference; lastKnownFileType = image.gif; name = c64.gif; path = ../../../../Downloads/c64.gif; sourceTree = "<group>"; };
		844468E82076429200921772 /* c73.gif */ = {isa = PBXFileReference; lastKnownFileType = image.gif; name = c73.gif; path = ../../../../Downloads/c73.gif; sourceTree = "<group>"; };
		844468E92076429200921772 /* c50.gif */ = {isa = PBXFileReference; lastKnownFileType = image.gif; name = c50.gif; path = ../../../../Downloads/c50.gif; sourceTree = "<group>"; };
		844468EA2076429200921772 /* c47.gif */ = {isa = PBXFileReference; lastKnownFileType = image.gif; name = c47.gif; path = ../../../../Downloads/c47.gif; sourceTree = "<group>"; };
		8444691F2076441500921772 /* c90.gif */ = {isa = PBXFileReference; lastKnownFileType = image.gif; name = c90.gif; path = ../../../../Downloads/c90.gif; sourceTree = "<group>"; };
		844469202076441500921772 /* c93.gif */ = {isa = PBXFileReference; lastKnownFileType = image.gif; name = c93.gif; path = ../../../../Downloads/c93.gif; sourceTree = "<group>"; };
		844469212076441500921772 /* c79.gif */ = {isa = PBXFileReference; lastKnownFileType = image.gif; name = c79.gif; path = ../../../../Downloads/c79.gif; sourceTree = "<group>"; };
		844469222076441500921772 /* c81.gif */ = {isa = PBXFileReference; lastKnownFileType = image.gif; name = c81.gif; path = ../../../../Downloads/c81.gif; sourceTree = "<group>"; };
		844469232076441500921772 /* c94.gif */ = {isa = PBXFileReference; lastKnownFileType = image.gif; name = c94.gif; path = ../../../../Downloads/c94.gif; sourceTree = "<group>"; };
		844469242076441600921772 /* c97.gif */ = {isa = PBXFileReference; lastKnownFileType = image.gif; name = c97.gif; path = ../../../../Downloads/c97.gif; sourceTree = "<group>"; };
		844469252076441600921772 /* c82.gif */ = {isa = PBXFileReference; lastKnownFileType = image.gif; name = c82.gif; path = ../../../../Downloads/c82.gif; sourceTree = "<group>"; };
		844469262076441600921772 /* c83.gif */ = {isa = PBXFileReference; lastKnownFileType = image.gif; name = c83.gif; path = ../../../../Downloads/c83.gif; sourceTree = "<group>"; };
		844469272076441600921772 /* c80.gif */ = {isa = PBXFileReference; lastKnownFileType = image.gif; name = c80.gif; path = ../../../../Downloads/c80.gif; sourceTree = "<group>"; };
		844469282076441600921772 /* c78.gif */ = {isa = PBXFileReference; lastKnownFileType = image.gif; name = c78.gif; path = ../../../../Downloads/c78.gif; sourceTree = "<group>"; };
		844469292076441600921772 /* c96.gif */ = {isa = PBXFileReference; lastKnownFileType = image.gif; name = c96.gif; path = ../../../../Downloads/c96.gif; sourceTree = "<group>"; };
		8444692A2076441600921772 /* c86.gif */ = {isa = PBXFileReference; lastKnownFileType = image.gif; name = c86.gif; path = ../../../../Downloads/c86.gif; sourceTree = "<group>"; };
		8444692B2076441600921772 /* c85.gif */ = {isa = PBXFileReference; lastKnownFileType = image.gif; name = c85.gif; path = ../../../../Downloads/c85.gif; sourceTree = "<group>"; };
		8444692C2076441700921772 /* c95.gif */ = {isa = PBXFileReference; lastKnownFileType = image.gif; name = c95.gif; path = ../../../../Downloads/c95.gif; sourceTree = "<group>"; };
		8444692D2076441700921772 /* c84.gif */ = {isa = PBXFileReference; lastKnownFileType = image.gif; name = c84.gif; path = ../../../../Downloads/c84.gif; sourceTree = "<group>"; };
		8444692E2076441700921772 /* c92.gif */ = {isa = PBXFileReference; lastKnownFileType = image.gif; name = c92.gif; path = ../../../../Downloads/c92.gif; sourceTree = "<group>"; };
		8444692F2076441700921772 /* c99.gif */ = {isa = PBXFileReference; lastKnownFileType = image.gif; name = c99.gif; path = ../../../../Downloads/c99.gif; sourceTree = "<group>"; };
		844469302076441700921772 /* c91.gif */ = {isa = PBXFileReference; lastKnownFileType = image.gif; name = c91.gif; path = ../../../../Downloads/c91.gif; sourceTree = "<group>"; };
		844469312076441700921772 /* c89.gif */ = {isa = PBXFileReference; lastKnownFileType = image.gif; name = c89.gif; path = ../../../../Downloads/c89.gif; sourceTree = "<group>"; };
		844469322076441700921772 /* c76.gif */ = {isa = PBXFileReference; lastKnownFileType = image.gif; name = c76.gif; path = ../../../../Downloads/c76.gif; sourceTree = "<group>"; };
		844469332076441700921772 /* c77.gif */ = {isa = PBXFileReference; lastKnownFileType = image.gif; name = c77.gif; path = ../../../../Downloads/c77.gif; sourceTree = "<group>"; };
		84446949207644F600921772 /* bomb17.png */ = {isa = PBXFileReference; lastKnownFileType = image.png; name = bomb17.png; path = ../../../../Downloads/bomb17.png; sourceTree = "<group>"; };
		8444694A207644F600921772 /* bomb.svg */ = {isa = PBXFileReference; fileEncoding = 4; lastKnownFileType = text; name = bomb.svg; path = ../../../../Downloads/bomb.svg; sourceTree = "<group>"; };
		8444694B207644F700921772 /* dynamite-hi.png */ = {isa = PBXFileReference; lastKnownFileType = image.png; name = "dynamite-hi.png"; path = "../../../../Downloads/dynamite-hi.png"; sourceTree = "<group>"; };
		848214322076C8AF001607B0 /* gameplay.wav */ = {isa = PBXFileReference; lastKnownFileType = audio.wav; name = gameplay.wav; path = ../../../../Downloads/gameplay.wav; sourceTree = "<group>"; };
		848214342076CA84001607B0 /* lost.wav */ = {isa = PBXFileReference; lastKnownFileType = audio.wav; name = lost.wav; path = ../../../../Downloads/lost.wav; sourceTree = "<group>"; };
		848214362076CB60001607B0 /* gameover.wav */ = {isa = PBXFileReference; lastKnownFileType = audio.wav; name = gameover.wav; path = ../../../../Downloads/gameover.wav; sourceTree = "<group>"; };
		848214382076CCA1001607B0 /* sec.wav */ = {isa = PBXFileReference; lastKnownFileType = audio.wav; name = sec.wav; path = ../../../../Downloads/sec.wav; sourceTree = "<group>"; };
		84D8D8932062BA4D0016C100 /* DraggedImageView.swift */ = {isa = PBXFileReference; lastKnownFileType = sourcecode.swift; path = DraggedImageView.swift; sourceTree = "<group>"; };
		84F2BA662062A137006F6BF4 /* CarRacing.app */ = {isa = PBXFileReference; explicitFileType = wrapper.application; includeInIndex = 0; path = CarRacing.app; sourceTree = BUILT_PRODUCTS_DIR; };
		84F2BA692062A137006F6BF4 /* AppDelegate.swift */ = {isa = PBXFileReference; lastKnownFileType = sourcecode.swift; path = AppDelegate.swift; sourceTree = "<group>"; };
		84F2BA6B2062A137006F6BF4 /* ViewController.swift */ = {isa = PBXFileReference; lastKnownFileType = sourcecode.swift; path = ViewController.swift; sourceTree = "<group>"; };
		84F2BA6E2062A137006F6BF4 /* Base */ = {isa = PBXFileReference; lastKnownFileType = file.storyboard; name = Base; path = Base.lproj/Main.storyboard; sourceTree = "<group>"; };
		84F2BA702062A137006F6BF4 /* Assets.xcassets */ = {isa = PBXFileReference; lastKnownFileType = folder.assetcatalog; path = Assets.xcassets; sourceTree = "<group>"; };
		84F2BA732062A137006F6BF4 /* Base */ = {isa = PBXFileReference; lastKnownFileType = file.storyboard; name = Base; path = Base.lproj/LaunchScreen.storyboard; sourceTree = "<group>"; };
		84F2BA752062A137006F6BF4 /* Info.plist */ = {isa = PBXFileReference; lastKnownFileType = text.plist.xml; path = Info.plist; sourceTree = "<group>"; };
		84F2BA7A2062A137006F6BF4 /* CarRacingTests.xctest */ = {isa = PBXFileReference; explicitFileType = wrapper.cfbundle; includeInIndex = 0; path = CarRacingTests.xctest; sourceTree = BUILT_PRODUCTS_DIR; };
		84F2BA7E2062A137006F6BF4 /* CarRacingTests.swift */ = {isa = PBXFileReference; lastKnownFileType = sourcecode.swift; path = CarRacingTests.swift; sourceTree = "<group>"; };
		84F2BA802062A137006F6BF4 /* Info.plist */ = {isa = PBXFileReference; lastKnownFileType = text.plist.xml; path = Info.plist; sourceTree = "<group>"; };
		84F2BA852062A137006F6BF4 /* CarRacingUITests.xctest */ = {isa = PBXFileReference; explicitFileType = wrapper.cfbundle; includeInIndex = 0; path = CarRacingUITests.xctest; sourceTree = BUILT_PRODUCTS_DIR; };
		84F2BA892062A137006F6BF4 /* CarRacingUITests.swift */ = {isa = PBXFileReference; lastKnownFileType = sourcecode.swift; path = CarRacingUITests.swift; sourceTree = "<group>"; };
		84F2BA8B2062A137006F6BF4 /* Info.plist */ = {isa = PBXFileReference; lastKnownFileType = text.plist.xml; path = Info.plist; sourceTree = "<group>"; };
		84FBFE4E207500890039D24C /* responsiveBackground.swift */ = {isa = PBXFileReference; lastKnownFileType = sourcecode.swift; path = responsiveBackground.swift; sourceTree = "<group>"; };
		84FBFE502075416A0039D24C /* frame10.gif */ = {isa = PBXFileReference; lastKnownFileType = image.gif; name = frame10.gif; path = ../../../../Downloads/frame10.gif; sourceTree = "<group>"; };
		84FBFE512075416B0039D24C /* frame6.gif */ = {isa = PBXFileReference; lastKnownFileType = image.gif; name = frame6.gif; path = ../../../../Downloads/frame6.gif; sourceTree = "<group>"; };
		84FBFE522075416B0039D24C /* frame1.gif */ = {isa = PBXFileReference; lastKnownFileType = image.gif; name = frame1.gif; path = ../../../../Downloads/frame1.gif; sourceTree = "<group>"; };
		84FBFE532075416B0039D24C /* frame4.gif */ = {isa = PBXFileReference; lastKnownFileType = image.gif; name = frame4.gif; path = ../../../../Downloads/frame4.gif; sourceTree = "<group>"; };
		84FBFE542075416B0039D24C /* frame3.gif */ = {isa = PBXFileReference; lastKnownFileType = image.gif; name = frame3.gif; path = ../../../../Downloads/frame3.gif; sourceTree = "<group>"; };
		84FBFE552075416B0039D24C /* frame9.gif */ = {isa = PBXFileReference; lastKnownFileType = image.gif; name = frame9.gif; path = ../../../../Downloads/frame9.gif; sourceTree = "<group>"; };
		84FBFE562075416B0039D24C /* frame8.gif */ = {isa = PBXFileReference; lastKnownFileType = image.gif; name = frame8.gif; path = ../../../../Downloads/frame8.gif; sourceTree = "<group>"; };
		84FBFE572075416C0039D24C /* frame7.gif */ = {isa = PBXFileReference; lastKnownFileType = image.gif; name = frame7.gif; path = ../../../../Downloads/frame7.gif; sourceTree = "<group>"; };
		84FBFE582075416C0039D24C /* frame2.gif */ = {isa = PBXFileReference; lastKnownFileType = image.gif; name = frame2.gif; path = ../../../../Downloads/frame2.gif; sourceTree = "<group>"; };
		84FBFE592075416C0039D24C /* frame5.gif */ = {isa = PBXFileReference; lastKnownFileType = image.gif; name = frame5.gif; path = ../../../../Downloads/frame5.gif; sourceTree = "<group>"; };
		84FBFE7A20754A270039D24C /* angry2.gif */ = {isa = PBXFileReference; lastKnownFileType = image.gif; name = angry2.gif; path = ../../../../Downloads/angry2.gif; sourceTree = "<group>"; };
		84FBFE7B20754A270039D24C /* angry1.gif */ = {isa = PBXFileReference; lastKnownFileType = image.gif; name = angry1.gif; path = ../../../../Downloads/angry1.gif; sourceTree = "<group>"; };
		84FBFE7E20754B0D0039D24C /* snow.png */ = {isa = PBXFileReference; lastKnownFileType = image.png; name = snow.png; path = ../../../../Downloads/snow.png; sourceTree = "<group>"; };
		84FBFE7F20754B0D0039D24C /* rain.png */ = {isa = PBXFileReference; lastKnownFileType = image.png; name = rain.png; path = ../../../../Downloads/rain.png; sourceTree = "<group>"; };
		84FBFE8020754B0D0039D24C /* thunder.png */ = {isa = PBXFileReference; lastKnownFileType = image.png; name = thunder.png; path = ../../../../Downloads/thunder.png; sourceTree = "<group>"; };
		84FBFE8120754B0D0039D24C /* snow1.png */ = {isa = PBXFileReference; lastKnownFileType = image.png; name = snow1.png; path = ../../../../Downloads/snow1.png; sourceTree = "<group>"; };
		84FBFE8620754BDD0039D24C /* redface.png */ = {isa = PBXFileReference; lastKnownFileType = image.png; name = redface.png; path = ../../../../Downloads/redface.png; sourceTree = "<group>"; };
		84FBFE88207551050039D24C /* color9.png */ = {isa = PBXFileReference; lastKnownFileType = image.png; name = color9.png; path = ../../../../Downloads/color9.png; sourceTree = "<group>"; };
		84FBFE89207551060039D24C /* color11.png */ = {isa = PBXFileReference; lastKnownFileType = image.png; name = color11.png; path = ../../../../Downloads/color11.png; sourceTree = "<group>"; };
		84FBFE8A207551060039D24C /* color3.png */ = {isa = PBXFileReference; lastKnownFileType = image.png; name = color3.png; path = ../../../../Downloads/color3.png; sourceTree = "<group>"; };
		84FBFE8B207551060039D24C /* color1.png */ = {isa = PBXFileReference; lastKnownFileType = image.png; name = color1.png; path = ../../../../Downloads/color1.png; sourceTree = "<group>"; };
		84FBFE8C207551060039D24C /* color.png */ = {isa = PBXFileReference; lastKnownFileType = image.png; name = color.png; path = ../../../../Downloads/color.png; sourceTree = "<group>"; };
		84FBFE8D207551060039D24C /* color10.png */ = {isa = PBXFileReference; lastKnownFileType = image.png; name = color10.png; path = ../../../../Downloads/color10.png; sourceTree = "<group>"; };
		84FBFE8E207551060039D24C /* color13.png */ = {isa = PBXFileReference; lastKnownFileType = image.png; name = color13.png; path = ../../../../Downloads/color13.png; sourceTree = "<group>"; };
		84FBFE8F207551060039D24C /* color7.png */ = {isa = PBXFileReference; lastKnownFileType = image.png; name = color7.png; path = ../../../../Downloads/color7.png; sourceTree = "<group>"; };
		84FBFE90207551060039D24C /* color5.png */ = {isa = PBXFileReference; lastKnownFileType = image.png; name = color5.png; path = ../../../../Downloads/color5.png; sourceTree = "<group>"; };
		84FBFE91207551060039D24C /* color6.png */ = {isa = PBXFileReference; lastKnownFileType = image.png; name = color6.png; path = ../../../../Downloads/color6.png; sourceTree = "<group>"; };
		84FBFE92207551070039D24C /* color14.png */ = {isa = PBXFileReference; lastKnownFileType = image.png; name = color14.png; path = ../../../../Downloads/color14.png; sourceTree = "<group>"; };
		84FBFE93207551070039D24C /* color2.png */ = {isa = PBXFileReference; lastKnownFileType = image.png; name = color2.png; path = ../../../../Downloads/color2.png; sourceTree = "<group>"; };
		84FBFE94207551070039D24C /* color8.png */ = {isa = PBXFileReference; lastKnownFileType = image.png; name = color8.png; path = ../../../../Downloads/color8.png; sourceTree = "<group>"; };
		84FBFE95207551070039D24C /* color4.png */ = {isa = PBXFileReference; lastKnownFileType = image.png; name = color4.png; path = ../../../../Downloads/color4.png; sourceTree = "<group>"; };
		84FBFE96207551070039D24C /* color12.png */ = {isa = PBXFileReference; lastKnownFileType = image.png; name = color12.png; path = ../../../../Downloads/color12.png; sourceTree = "<group>"; };
		84FBFEA6207551E00039D24C /* color19.png */ = {isa = PBXFileReference; lastKnownFileType = image.png; name = color19.png; path = ../../../../Downloads/color19.png; sourceTree = "<group>"; };
		84FBFEA7207551E00039D24C /* color18.png */ = {isa = PBXFileReference; lastKnownFileType = image.png; name = color18.png; path = ../../../../Downloads/color18.png; sourceTree = "<group>"; };
		84FBFEA8207551E00039D24C /* color20.png */ = {isa = PBXFileReference; lastKnownFileType = image.png; name = color20.png; path = ../../../../Downloads/color20.png; sourceTree = "<group>"; };
		84FBFEA9207551E00039D24C /* color16.png */ = {isa = PBXFileReference; lastKnownFileType = image.png; name = color16.png; path = ../../../../Downloads/color16.png; sourceTree = "<group>"; };
		84FBFEAA207551E00039D24C /* color21.png */ = {isa = PBXFileReference; lastKnownFileType = image.png; name = color21.png; path = ../../../../Downloads/color21.png; sourceTree = "<group>"; };
		84FBFEAB207551E00039D24C /* color23.png */ = {isa = PBXFileReference; lastKnownFileType = image.png; name = color23.png; path = ../../../../Downloads/color23.png; sourceTree = "<group>"; };
		84FBFEAC207551E00039D24C /* color22.png */ = {isa = PBXFileReference; lastKnownFileType = image.png; name = color22.png; path = ../../../../Downloads/color22.png; sourceTree = "<group>"; };
		84FBFEAD207551E00039D24C /* color17.png */ = {isa = PBXFileReference; lastKnownFileType = image.png; name = color17.png; path = ../../../../Downloads/color17.png; sourceTree = "<group>"; };
		84FBFEAE207551E00039D24C /* color15.png */ = {isa = PBXFileReference; lastKnownFileType = image.png; name = color15.png; path = ../../../../Downloads/color15.png; sourceTree = "<group>"; };
		84FBFEB8207559B20039D24C /* gameOver.png */ = {isa = PBXFileReference; lastKnownFileType = image.png; name = gameOver.png; path = ../../../../Downloads/gameOver.png; sourceTree = "<group>"; };
		84FBFEBA20755DE50039D24C /* hammer.png */ = {isa = PBXFileReference; lastKnownFileType = image.png; name = hammer.png; path = ../../../../Downloads/hammer.png; sourceTree = "<group>"; };
/* End PBXFileReference section */

/* Begin PBXFrameworksBuildPhase section */
		84F2BA632062A137006F6BF4 /* Frameworks */ = {
			isa = PBXFrameworksBuildPhase;
			buildActionMask = 2147483647;
			files = (
			);
			runOnlyForDeploymentPostprocessing = 0;
		};
		84F2BA772062A137006F6BF4 /* Frameworks */ = {
			isa = PBXFrameworksBuildPhase;
			buildActionMask = 2147483647;
			files = (
			);
			runOnlyForDeploymentPostprocessing = 0;
		};
		84F2BA822062A137006F6BF4 /* Frameworks */ = {
			isa = PBXFrameworksBuildPhase;
			buildActionMask = 2147483647;
			files = (
			);
			runOnlyForDeploymentPostprocessing = 0;
		};
/* End PBXFrameworksBuildPhase section */

/* Begin PBXGroup section */
		84F2BA5D2062A137006F6BF4 = {
			isa = PBXGroup;
			children = (
				84F2BA682062A137006F6BF4 /* CarRacing */,
				84F2BA7D2062A137006F6BF4 /* CarRacingTests */,
				84F2BA882062A137006F6BF4 /* CarRacingUITests */,
				84F2BA672062A137006F6BF4 /* Products */,
			);
			sourceTree = "<group>";
		};
		84F2BA672062A137006F6BF4 /* Products */ = {
			isa = PBXGroup;
			children = (
				84F2BA662062A137006F6BF4 /* CarRacing.app */,
				84F2BA7A2062A137006F6BF4 /* CarRacingTests.xctest */,
				84F2BA852062A137006F6BF4 /* CarRacingUITests.xctest */,
			);
			name = Products;
			sourceTree = "<group>";
		};
		84F2BA682062A137006F6BF4 /* CarRacing */ = {
			isa = PBXGroup;
			children = (
				84368BC62083A0C300383A9F /* emoji.jpg */,
				844469322076441700921772 /* c76.gif */,
				844469332076441700921772 /* c77.gif */,
				844469282076441600921772 /* c78.gif */,
				844469212076441500921772 /* c79.gif */,
				844469272076441600921772 /* c80.gif */,
				844469222076441500921772 /* c81.gif */,
				844469252076441600921772 /* c82.gif */,
				844469262076441600921772 /* c83.gif */,
				8444692D2076441700921772 /* c84.gif */,
				8444692B2076441600921772 /* c85.gif */,
				8444692A2076441600921772 /* c86.gif */,
				844469312076441700921772 /* c89.gif */,
				8444691F2076441500921772 /* c90.gif */,
				844469302076441700921772 /* c91.gif */,
				8444692E2076441700921772 /* c92.gif */,
				844469202076441500921772 /* c93.gif */,
				844469232076441500921772 /* c94.gif */,
				8444692C2076441700921772 /* c95.gif */,
				844469292076441600921772 /* c96.gif */,
				844469242076441600921772 /* c97.gif */,
				8444692F2076441700921772 /* c99.gif */,
				844468C32076428D00921772 /* c24.gif */,
				844468C02076428D00921772 /* c25.gif */,
				844468CA2076428E00921772 /* c26.gif */,
				844468C72076428E00921772 /* c27.gif */,
				844468B92076428B00921772 /* c28.gif */,
				844468C12076428D00921772 /* c29.gif */,
				844468D82076428F00921772 /* c30.gif */,
				844468DA2076429000921772 /* c31.gif */,
				844468E42076429100921772 /* c32.gif */,
				844468E12076429100921772 /* c33.gif */,
				844468D42076428F00921772 /* c34.gif */,
				844468DE2076429000921772 /* c35.gif */,
				844468CF2076428E00921772 /* c36.gif */,
				844468C82076428E00921772 /* c37.gif */,
				844468D92076429000921772 /* c38.gif */,
				844468C52076428D00921772 /* c39.gif */,
				844468E62076429200921772 /* c40.gif */,
				844468DB2076429000921772 /* c41.gif */,
				844468B82076428B00921772 /* c42.gif */,
				844468C22076428D00921772 /* c43.gif */,
				844468E02076429000921772 /* c44.gif */,
				844468BC2076428C00921772 /* c45.gif */,
				844468B72076428B00921772 /* c46.gif */,
				844468EA2076429200921772 /* c47.gif */,
				844468D52076428F00921772 /* c48.gif */,
				844468C42076428D00921772 /* c49.gif */,
				844468E92076429200921772 /* c50.gif */,
				844468D02076428F00921772 /* c51.gif */,
				844468D22076428F00921772 /* c52.gif */,
				844468E32076429100921772 /* c53.gif */,
				844468CD2076428E00921772 /* c54.gif */,
				844468BA2076428C00921772 /* c55.gif */,
				844468CB2076428E00921772 /* c56.gif */,
				844468C92076428E00921772 /* c57.gif */,
				844468D62076428F00921772 /* c58.gif */,
				844468D12076428F00921772 /* c59.gif */,
				844468BD2076428C00921772 /* c60.gif */,
				844468D32076428F00921772 /* c61.gif */,
				844468E52076429100921772 /* c62.gif */,
				844468BB2076428C00921772 /* c63.gif */,
				844468E72076429200921772 /* c64.gif */,
				844468BF2076428D00921772 /* c65.gif */,
				844468CC2076428E00921772 /* c66.gif */,
				844468DC2076429000921772 /* c67.gif */,
				844468DD2076429000921772 /* c68.gif */,
				844468DF2076429000921772 /* c69.gif */,
				844468C62076428E00921772 /* c70.gif */,
				844468D72076428F00921772 /* c71.gif */,
				844468E22076429100921772 /* c72.gif */,
				844468E82076429200921772 /* c73.gif */,
				844468CE2076428E00921772 /* c74.gif */,
				844468BE2076428C00921772 /* c75.gif */,
				844468952076415A00921772 /* c1.gif */,
				844468922076415900921772 /* c2.gif */,
				844468892076415800921772 /* c3.gif */,
				8444688D2076415900921772 /* c4.gif */,
				8444689A2076415A00921772 /* c5.gif */,
				844468932076415900921772 /* c6.gif */,
				8444689C2076415A00921772 /* c7.gif */,
				844468962076415A00921772 /* c8.gif */,
				8444688B2076415900921772 /* c9.gif */,
				844468942076415900921772 /* c10.gif */,
				844468912076415900921772 /* c11.gif */,
				844468982076415A00921772 /* c12.gif */,
				8444688F2076415900921772 /* c13.gif */,
				844468992076415A00921772 /* c14.gif */,
				8444689B2076415A00921772 /* c15.gif */,
				8444688E2076415900921772 /* c16.gif */,
				844468902076415900921772 /* c17.gif */,
				8444689D2076415A00921772 /* c18.gif */,
				8444688A2076415800921772 /* c19.gif */,
				8444688C2076415900921772 /* c20.gif */,
				8444689F2076415B00921772 /* c21.gif */,
				844468972076415A00921772 /* c22.gif */,
				8444689E2076415A00921772 /* c23.gif */,
				8444688520759CB600921772 /* water.gif */,
				84FBFEAE207551E00039D24C /* color15.png */,
				84FBFEA9207551E00039D24C /* color16.png */,
				84FBFEAD207551E00039D24C /* color17.png */,
				84FBFEA7207551E00039D24C /* color18.png */,
				84FBFEA6207551E00039D24C /* color19.png */,
				84FBFEA8207551E00039D24C /* color20.png */,
				84FBFEAA207551E00039D24C /* color21.png */,
				84FBFEAC207551E00039D24C /* color22.png */,
				84FBFEAB207551E00039D24C /* color23.png */,
				84FBFE8C207551060039D24C /* color.png */,
				84FBFE8B207551060039D24C /* color1.png */,
				84FBFE93207551070039D24C /* color2.png */,
				84FBFE8A207551060039D24C /* color3.png */,
				84FBFE95207551070039D24C /* color4.png */,
				84FBFE90207551060039D24C /* color5.png */,
				84FBFE91207551060039D24C /* color6.png */,
				84FBFE8F207551060039D24C /* color7.png */,
				84FBFE94207551070039D24C /* color8.png */,
				84FBFE88207551050039D24C /* color9.png */,
				84FBFE8D207551060039D24C /* color10.png */,
				84FBFE89207551060039D24C /* color11.png */,
				84FBFE96207551070039D24C /* color12.png */,
				84FBFE8E207551060039D24C /* color13.png */,
				84FBFE92207551070039D24C /* color14.png */,
				84F2BA692062A137006F6BF4 /* AppDelegate.swift */,
				848214362076CB60001607B0 /* gameover.wav */,
				84F2BA6B2062A137006F6BF4 /* ViewController.swift */,
				8444694A207644F600921772 /* bomb.svg */,
				84446949207644F600921772 /* bomb17.png */,
				8444694B207644F700921772 /* dynamite-hi.png */,
				848214322076C8AF001607B0 /* gameplay.wav */,
				8444688720763EED00921772 /* colour.gif */,
				84446881207566C200921772 /* UIViewFade.swift */,
				848214342076CA84001607B0 /* lost.wav */,
				84FBFEBA20755DE50039D24C /* hammer.png */,
				84FBFEB8207559B20039D24C /* gameOver.png */,
				84FBFE8620754BDD0039D24C /* redface.png */,
				84FBFE7F20754B0D0039D24C /* rain.png */,
				84FBFE7E20754B0D0039D24C /* snow.png */,
				84FBFE8120754B0D0039D24C /* snow1.png */,
				848214382076CCA1001607B0 /* sec.wav */,
				84FBFE8020754B0D0039D24C /* thunder.png */,
				84FBFE522075416B0039D24C /* frame1.gif */,
				84FBFE582075416C0039D24C /* frame2.gif */,
				84FBFE542075416B0039D24C /* frame3.gif */,
				84FBFE532075416B0039D24C /* frame4.gif */,
				84FBFE592075416C0039D24C /* frame5.gif */,
				84FBFE512075416B0039D24C /* frame6.gif */,
				84FBFE572075416C0039D24C /* frame7.gif */,
				84FBFE562075416B0039D24C /* frame8.gif */,
				84FBFE552075416B0039D24C /* frame9.gif */,
				84FBFE502075416A0039D24C /* frame10.gif */,
				84FBFE4E207500890039D24C /* responsiveBackground.swift */,
				84368BCB2083C06500383A9F /* soundOff.png */,
				84368BCA2083C06500383A9F /* soundOn.png */,
				84368BC82083A7F100383A9F /* home.png */,
				84FBFE7B20754A270039D24C /* angry1.gif */,
				84FBFE7A20754A270039D24C /* angry2.gif */,
				84F2BA6D2062A137006F6BF4 /* Main.storyboard */,
				84F2BA702062A137006F6BF4 /* Assets.xcassets */,
				84F2BA722062A137006F6BF4 /* LaunchScreen.storyboard */,
				84F2BA752062A137006F6BF4 /* Info.plist */,
				84D8D8932062BA4D0016C100 /* DraggedImageView.swift */,
			);
			path = CarRacing;
			sourceTree = "<group>";
		};
		84F2BA7D2062A137006F6BF4 /* CarRacingTests */ = {
			isa = PBXGroup;
			children = (
				84F2BA7E2062A137006F6BF4 /* CarRacingTests.swift */,
				84F2BA802062A137006F6BF4 /* Info.plist */,
			);
			path = CarRacingTests;
			sourceTree = "<group>";
		};
		84F2BA882062A137006F6BF4 /* CarRacingUITests */ = {
			isa = PBXGroup;
			children = (
				84F2BA892062A137006F6BF4 /* CarRacingUITests.swift */,
				84F2BA8B2062A137006F6BF4 /* Info.plist */,
			);
			path = CarRacingUITests;
			sourceTree = "<group>";
		};
/* End PBXGroup section */

/* Begin PBXNativeTarget section */
		84F2BA652062A137006F6BF4 /* CarRacing */ = {
			isa = PBXNativeTarget;
			buildConfigurationList = 84F2BA8E2062A137006F6BF4 /* Build configuration list for PBXNativeTarget "CarRacing" */;
			buildPhases = (
				84F2BA622062A137006F6BF4 /* Sources */,
				84F2BA632062A137006F6BF4 /* Frameworks */,
				84F2BA642062A137006F6BF4 /* Resources */,
			);
			buildRules = (
			);
			dependencies = (
			);
			name = CarRacing;
			productName = CarRacing;
			productReference = 84F2BA662062A137006F6BF4 /* CarRacing.app */;
			productType = "com.apple.product-type.application";
		};
		84F2BA792062A137006F6BF4 /* CarRacingTests */ = {
			isa = PBXNativeTarget;
			buildConfigurationList = 84F2BA912062A137006F6BF4 /* Build configuration list for PBXNativeTarget "CarRacingTests" */;
			buildPhases = (
				84F2BA762062A137006F6BF4 /* Sources */,
				84F2BA772062A137006F6BF4 /* Frameworks */,
				84F2BA782062A137006F6BF4 /* Resources */,
			);
			buildRules = (
			);
			dependencies = (
				84F2BA7C2062A137006F6BF4 /* PBXTargetDependency */,
			);
			name = CarRacingTests;
			productName = CarRacingTests;
			productReference = 84F2BA7A2062A137006F6BF4 /* CarRacingTests.xctest */;
			productType = "com.apple.product-type.bundle.unit-test";
		};
		84F2BA842062A137006F6BF4 /* CarRacingUITests */ = {
			isa = PBXNativeTarget;
			buildConfigurationList = 84F2BA942062A137006F6BF4 /* Build configuration list for PBXNativeTarget "CarRacingUITests" */;
			buildPhases = (
				84F2BA812062A137006F6BF4 /* Sources */,
				84F2BA822062A137006F6BF4 /* Frameworks */,
				84F2BA832062A137006F6BF4 /* Resources */,
			);
			buildRules = (
			);
			dependencies = (
				84F2BA872062A137006F6BF4 /* PBXTargetDependency */,
			);
			name = CarRacingUITests;
			productName = CarRacingUITests;
			productReference = 84F2BA852062A137006F6BF4 /* CarRacingUITests.xctest */;
			productType = "com.apple.product-type.bundle.ui-testing";
		};
/* End PBXNativeTarget section */

/* Begin PBXProject section */
		84F2BA5E2062A137006F6BF4 /* Project object */ = {
			isa = PBXProject;
			attributes = {
				KnownAssetTags = (
					200,
				);
				LastSwiftUpdateCheck = 0920;
				LastUpgradeCheck = 0920;
				ORGANIZATIONNAME = "Sumite Ramchande";
				TargetAttributes = {
					84F2BA652062A137006F6BF4 = {
						CreatedOnToolsVersion = 9.2;
						ProvisioningStyle = Automatic;
					};
					84F2BA792062A137006F6BF4 = {
						CreatedOnToolsVersion = 9.2;
						ProvisioningStyle = Automatic;
						TestTargetID = 84F2BA652062A137006F6BF4;
					};
					84F2BA842062A137006F6BF4 = {
						CreatedOnToolsVersion = 9.2;
						ProvisioningStyle = Automatic;
						TestTargetID = 84F2BA652062A137006F6BF4;
					};
				};
			};
			buildConfigurationList = 84F2BA612062A137006F6BF4 /* Build configuration list for PBXProject "CarRacing" */;
			compatibilityVersion = "Xcode 8.0";
			developmentRegion = en;
			hasScannedForEncodings = 0;
			knownRegions = (
				en,
				Base,
			);
			mainGroup = 84F2BA5D2062A137006F6BF4;
			productRefGroup = 84F2BA672062A137006F6BF4 /* Products */;
			projectDirPath = "";
			projectRoot = "";
			targets = (
				84F2BA652062A137006F6BF4 /* CarRacing */,
				84F2BA792062A137006F6BF4 /* CarRacingTests */,
				84F2BA842062A137006F6BF4 /* CarRacingUITests */,
			);
		};
/* End PBXProject section */

/* Begin PBXResourcesBuildPhase section */
		84F2BA642062A137006F6BF4 /* Resources */ = {
			isa = PBXResourcesBuildPhase;
			buildActionMask = 2147483647;
			files = (
				848214372076CB61001607B0 /* gameover.wav in Resources */,
				8444693A2076441800921772 /* c82.gif in Resources */,
				844469392076441800921772 /* c97.gif in Resources */,
				844468F92076429300921772 /* c39.gif in Resources */,
				84FBFE97207551070039D24C /* color9.png in Resources */,
				844468F22076429300921772 /* c75.gif in Resources */,
				84FBFEB2207551E00039D24C /* color16.png in Resources */,
				844469452076441800921772 /* c91.gif in Resources */,
				84FBFE5E2075416C0039D24C /* frame3.gif in Resources */,
				844469072076429300921772 /* c61.gif in Resources */,
				84FBFEB7207551E00039D24C /* color15.png in Resources */,
				844468FD2076429300921772 /* c57.gif in Resources */,
				8444691C2076429300921772 /* c73.gif in Resources */,
				844468FC2076429300921772 /* c37.gif in Resources */,
				844468B12076415B00921772 /* c5.gif in Resources */,
				844468A32076415B00921772 /* c20.gif in Resources */,
				84FBFEB0207551E00039D24C /* color18.png in Resources */,
				8444690C2076429300921772 /* c30.gif in Resources */,
				844468EC2076429300921772 /* c42.gif in Resources */,
				84FBFEB6207551E00039D24C /* color17.png in Resources */,
				84FBFEA2207551070039D24C /* color2.png in Resources */,
				844468F62076429300921772 /* c43.gif in Resources */,
				84FBFEBB20755DE50039D24C /* hammer.png in Resources */,
				848214392076CCA1001607B0 /* sec.wav in Resources */,
				8444693F2076441800921772 /* c86.gif in Resources */,
				844469462076441800921772 /* c89.gif in Resources */,
				848214332076C8AF001607B0 /* gameplay.wav in Resources */,
				844469152076429300921772 /* c33.gif in Resources */,
				844468B62076415B00921772 /* c21.gif in Resources */,
				84FBFE602075416C0039D24C /* frame8.gif in Resources */,
				84FBFE8220754B0E0039D24C /* snow.png in Resources */,
				844468B22076415B00921772 /* c15.gif in Resources */,
				844468AD2076415B00921772 /* c8.gif in Resources */,
				844468A92076415B00921772 /* c2.gif in Resources */,
				844469122076429300921772 /* c35.gif in Resources */,
				84FBFE5D2075416C0039D24C /* frame4.gif in Resources */,
				844469162076429300921772 /* c72.gif in Resources */,
				844469092076429300921772 /* c48.gif in Resources */,
				844468EE2076429300921772 /* c55.gif in Resources */,
				8444690F2076429300921772 /* c41.gif in Resources */,
				844468AA2076415B00921772 /* c6.gif in Resources */,
				844469442076441800921772 /* c99.gif in Resources */,
				844469142076429300921772 /* c44.gif in Resources */,
				8444694E207644F700921772 /* dynamite-hi.png in Resources */,
				844469182076429300921772 /* c32.gif in Resources */,
				844468FE2076429300921772 /* c26.gif in Resources */,
				844468A42076415B00921772 /* c4.gif in Resources */,
				84F2BA742062A137006F6BF4 /* LaunchScreen.storyboard in Resources */,
				8444693D2076441800921772 /* c78.gif in Resources */,
				84FBFE5F2075416C0039D24C /* frame9.gif in Resources */,
				84FBFEB1207551E00039D24C /* color20.png in Resources */,
				844468B52076415B00921772 /* c23.gif in Resources */,
				84368BCD2083C06500383A9F /* soundOff.png in Resources */,
				84FBFE99207551070039D24C /* color3.png in Resources */,
				844468EB2076429300921772 /* c46.gif in Resources */,
				844468FA2076429300921772 /* c70.gif in Resources */,
				844468FB2076429300921772 /* c27.gif in Resources */,
				844469012076429300921772 /* c54.gif in Resources */,
				84FBFEA5207551070039D24C /* color12.png in Resources */,
				84FBFE5B2075416C0039D24C /* frame6.gif in Resources */,
				844469082076429300921772 /* c34.gif in Resources */,
				844468F82076429300921772 /* c49.gif in Resources */,
				844468B32076415B00921772 /* c7.gif in Resources */,
				844468B02076415B00921772 /* c14.gif in Resources */,
				8444693C2076441800921772 /* c80.gif in Resources */,
				8444694D207644F700921772 /* bomb.svg in Resources */,
				8444690D2076429300921772 /* c38.gif in Resources */,
				84FBFE5C2075416C0039D24C /* frame1.gif in Resources */,
				844469402076441800921772 /* c85.gif in Resources */,
				8444688820763EED00921772 /* colour.gif in Resources */,
				844469192076429300921772 /* c62.gif in Resources */,
				8444690E2076429300921772 /* c31.gif in Resources */,
				8444690B2076429300921772 /* c71.gif in Resources */,
				84FBFE612075416C0039D24C /* frame7.gif in Resources */,
				844469382076441800921772 /* c94.gif in Resources */,
				84368BC92083A7F100383A9F /* home.png in Resources */,
				844468A72076415B00921772 /* c17.gif in Resources */,
				844469362076441800921772 /* c79.gif in Resources */,
				844469062076429300921772 /* c52.gif in Resources */,
				844468B42076415B00921772 /* c18.gif in Resources */,
				848214352076CA85001607B0 /* lost.wav in Resources */,
				84FBFE8420754B0E0039D24C /* thunder.png in Resources */,
				8444691E2076429300921772 /* c47.gif in Resources */,
				844469422076441800921772 /* c84.gif in Resources */,
				84FBFE9C207551070039D24C /* color10.png in Resources */,
				844468A12076415B00921772 /* c19.gif in Resources */,
				844468EF2076429300921772 /* c63.gif in Resources */,
				844468F32076429300921772 /* c65.gif in Resources */,
				844469372076441800921772 /* c81.gif in Resources */,
				84FBFEA1207551070039D24C /* color14.png in Resources */,
				84FBFE98207551070039D24C /* color11.png in Resources */,
				84FBFE632075416C0039D24C /* frame5.gif in Resources */,
				84FBFE7C20754A270039D24C /* angry2.gif in Resources */,
				8444691A2076429300921772 /* c40.gif in Resources */,
				84FBFE9B207551070039D24C /* color.png in Resources */,
				8444691B2076429300921772 /* c64.gif in Resources */,
				844469052076429300921772 /* c59.gif in Resources */,
				844468F72076429300921772 /* c24.gif in Resources */,
				84FBFE8520754B0E0039D24C /* snow1.png in Resources */,
				844468A02076415B00921772 /* c3.gif in Resources */,
				844468AE2076415B00921772 /* c22.gif in Resources */,
				844469022076429300921772 /* c74.gif in Resources */,
				844468A82076415B00921772 /* c11.gif in Resources */,
				844469002076429300921772 /* c66.gif in Resources */,
				844469342076441800921772 /* c90.gif in Resources */,
				8444690A2076429300921772 /* c58.gif in Resources */,
				844468A22076415B00921772 /* c9.gif in Resources */,
				84FBFE9E207551070039D24C /* color7.png in Resources */,
				84FBFEAF207551E00039D24C /* color19.png in Resources */,
				8444693E2076441800921772 /* c96.gif in Resources */,
				84FBFEA4207551070039D24C /* color4.png in Resources */,
				84368BCC2083C06500383A9F /* soundOn.png in Resources */,
				844469412076441800921772 /* c95.gif in Resources */,
				84FBFE9F207551070039D24C /* color5.png in Resources */,
				84FBFE9A207551070039D24C /* color1.png in Resources */,
				8444688620759CB600921772 /* water.gif in Resources */,
				84FBFE8320754B0E0039D24C /* rain.png in Resources */,
				844469482076441800921772 /* c77.gif in Resources */,
				844469042076429300921772 /* c51.gif in Resources */,
				84FBFE9D207551070039D24C /* color13.png in Resources */,
				84FBFE8720754BDD0039D24C /* redface.png in Resources */,
				84F2BA712062A137006F6BF4 /* Assets.xcassets in Resources */,
				844468ED2076429300921772 /* c28.gif in Resources */,
				844468F42076429300921772 /* c25.gif in Resources */,
				844468AF2076415B00921772 /* c12.gif in Resources */,
				84FBFEB3207551E00039D24C /* color21.png in Resources */,
				8444691D2076429300921772 /* c50.gif in Resources */,
				84FBFEB5207551E00039D24C /* color22.png in Resources */,
				84FBFEA0207551070039D24C /* color6.png in Resources */,
				844469132076429300921772 /* c69.gif in Resources */,
				844468F02076429300921772 /* c45.gif in Resources */,
				844469172076429300921772 /* c53.gif in Resources */,
				844468F12076429300921772 /* c60.gif in Resources */,
				844469102076429300921772 /* c67.gif in Resources */,
				84FBFE5A2075416C0039D24C /* frame10.gif in Resources */,
				844468AB2076415B00921772 /* c10.gif in Resources */,
				84FBFE622075416C0039D24C /* frame2.gif in Resources */,
				8444693B2076441800921772 /* c83.gif in Resources */,
				84368BC72083A0C300383A9F /* emoji.jpg in Resources */,
				844469112076429300921772 /* c68.gif in Resources */,
				844468A62076415B00921772 /* c13.gif in Resources */,
				84FBFEA3207551070039D24C /* color8.png in Resources */,
				844469032076429300921772 /* c36.gif in Resources */,
				844468F52076429300921772 /* c29.gif in Resources */,
				844468AC2076415B00921772 /* c1.gif in Resources */,
				8444694C207644F700921772 /* bomb17.png in Resources */,
				84FBFE7D20754A270039D24C /* angry1.gif in Resources */,
				844469472076441800921772 /* c76.gif in Resources */,
				844469432076441800921772 /* c92.gif in Resources */,
				84FBFEB4207551E00039D24C /* color23.png in Resources */,
				844468A52076415B00921772 /* c16.gif in Resources */,
				844468FF2076429300921772 /* c56.gif in Resources */,
				844469352076441800921772 /* c93.gif in Resources */,
				84F2BA6F2062A137006F6BF4 /* Main.storyboard in Resources */,
				84FBFEB9207559B30039D24C /* gameOver.png in Resources */,
			);
			runOnlyForDeploymentPostprocessing = 0;
		};
		84F2BA782062A137006F6BF4 /* Resources */ = {
			isa = PBXResourcesBuildPhase;
			buildActionMask = 2147483647;
			files = (
			);
			runOnlyForDeploymentPostprocessing = 0;
		};
		84F2BA832062A137006F6BF4 /* Resources */ = {
			isa = PBXResourcesBuildPhase;
			buildActionMask = 2147483647;
			files = (
			);
			runOnlyForDeploymentPostprocessing = 0;
		};
/* End PBXResourcesBuildPhase section */

/* Begin PBXSourcesBuildPhase section */
		84F2BA622062A137006F6BF4 /* Sources */ = {
			isa = PBXSourcesBuildPhase;
			buildActionMask = 2147483647;
			files = (
				84F2BA6C2062A137006F6BF4 /* ViewController.swift in Sources */,
				84D8D8942062BA4D0016C100 /* DraggedImageView.swift in Sources */,
				84446882207566C300921772 /* UIViewFade.swift in Sources */,
				84F2BA6A2062A137006F6BF4 /* AppDelegate.swift in Sources */,
				84FBFE4F207500890039D24C /* responsiveBackground.swift in Sources */,
			);
			runOnlyForDeploymentPostprocessing = 0;
		};
		84F2BA762062A137006F6BF4 /* Sources */ = {
			isa = PBXSourcesBuildPhase;
			buildActionMask = 2147483647;
			files = (
				84F2BA7F2062A137006F6BF4 /* CarRacingTests.swift in Sources */,
			);
			runOnlyForDeploymentPostprocessing = 0;
		};
		84F2BA812062A137006F6BF4 /* Sources */ = {
			isa = PBXSourcesBuildPhase;
			buildActionMask = 2147483647;
			files = (
				84F2BA8A2062A137006F6BF4 /* CarRacingUITests.swift in Sources */,
			);
			runOnlyForDeploymentPostprocessing = 0;
		};
/* End PBXSourcesBuildPhase section */

/* Begin PBXTargetDependency section */
		84F2BA7C2062A137006F6BF4 /* PBXTargetDependency */ = {
			isa = PBXTargetDependency;
			target = 84F2BA652062A137006F6BF4 /* CarRacing */;
			targetProxy = 84F2BA7B2062A137006F6BF4 /* PBXContainerItemProxy */;
		};
		84F2BA872062A137006F6BF4 /* PBXTargetDependency */ = {
			isa = PBXTargetDependency;
			target = 84F2BA652062A137006F6BF4 /* CarRacing */;
			targetProxy = 84F2BA862062A137006F6BF4 /* PBXContainerItemProxy */;
		};
/* End PBXTargetDependency section */

/* Begin PBXVariantGroup section */
		84F2BA6D2062A137006F6BF4 /* Main.storyboard */ = {
			isa = PBXVariantGroup;
			children = (
				84F2BA6E2062A137006F6BF4 /* Base */,
			);
			name = Main.storyboard;
			sourceTree = "<group>";
		};
		84F2BA722062A137006F6BF4 /* LaunchScreen.storyboard */ = {
			isa = PBXVariantGroup;
			children = (
				84F2BA732062A137006F6BF4 /* Base */,
			);
			name = LaunchScreen.storyboard;
			sourceTree = "<group>";
		};
/* End PBXVariantGroup section */

/* Begin XCBuildConfiguration section */
		84F2BA8C2062A137006F6BF4 /* Debug */ = {
			isa = XCBuildConfiguration;
			buildSettings = {
				ALWAYS_SEARCH_USER_PATHS = NO;
				CLANG_ANALYZER_NONNULL = YES;
				CLANG_ANALYZER_NUMBER_OBJECT_CONVERSION = YES_AGGRESSIVE;
				CLANG_CXX_LANGUAGE_STANDARD = "gnu++14";
				CLANG_CXX_LIBRARY = "libc++";
				CLANG_ENABLE_MODULES = YES;
				CLANG_ENABLE_OBJC_ARC = YES;
				CLANG_WARN_BLOCK_CAPTURE_AUTORELEASING = YES;
				CLANG_WARN_BOOL_CONVERSION = YES;
				CLANG_WARN_COMMA = YES;
				CLANG_WARN_CONSTANT_CONVERSION = YES;
				CLANG_WARN_DIRECT_OBJC_ISA_USAGE = YES_ERROR;
				CLANG_WARN_DOCUMENTATION_COMMENTS = YES;
				CLANG_WARN_EMPTY_BODY = YES;
				CLANG_WARN_ENUM_CONVERSION = YES;
				CLANG_WARN_INFINITE_RECURSION = YES;
				CLANG_WARN_INT_CONVERSION = YES;
				CLANG_WARN_NON_LITERAL_NULL_CONVERSION = YES;
				CLANG_WARN_OBJC_LITERAL_CONVERSION = YES;
				CLANG_WARN_OBJC_ROOT_CLASS = YES_ERROR;
				CLANG_WARN_RANGE_LOOP_ANALYSIS = YES;
				CLANG_WARN_STRICT_PROTOTYPES = YES;
				CLANG_WARN_SUSPICIOUS_MOVE = YES;
				CLANG_WARN_UNGUARDED_AVAILABILITY = YES_AGGRESSIVE;
				CLANG_WARN_UNREACHABLE_CODE = YES;
				CLANG_WARN__DUPLICATE_METHOD_MATCH = YES;
				CODE_SIGN_IDENTITY = "iPhone Developer";
				COPY_PHASE_STRIP = NO;
				DEBUG_INFORMATION_FORMAT = dwarf;
				ENABLE_STRICT_OBJC_MSGSEND = YES;
				ENABLE_TESTABILITY = YES;
				GCC_C_LANGUAGE_STANDARD = gnu11;
				GCC_DYNAMIC_NO_PIC = NO;
				GCC_NO_COMMON_BLOCKS = YES;
				GCC_OPTIMIZATION_LEVEL = 0;
				GCC_PREPROCESSOR_DEFINITIONS = (
					"DEBUG=1",
					"$(inherited)",
				);
				GCC_WARN_64_TO_32_BIT_CONVERSION = YES;
				GCC_WARN_ABOUT_RETURN_TYPE = YES_ERROR;
				GCC_WARN_UNDECLARED_SELECTOR = YES;
				GCC_WARN_UNINITIALIZED_AUTOS = YES_AGGRESSIVE;
				GCC_WARN_UNUSED_FUNCTION = YES;
				GCC_WARN_UNUSED_VARIABLE = YES;
				IPHONEOS_DEPLOYMENT_TARGET = 11.2;
				MTL_ENABLE_DEBUG_INFO = YES;
				ONLY_ACTIVE_ARCH = YES;
				SDKROOT = iphoneos;
				SWIFT_ACTIVE_COMPILATION_CONDITIONS = DEBUG;
				SWIFT_OPTIMIZATION_LEVEL = "-Onone";
			};
			name = Debug;
		};
		84F2BA8D2062A137006F6BF4 /* Release */ = {
			isa = XCBuildConfiguration;
			buildSettings = {
				ALWAYS_SEARCH_USER_PATHS = NO;
				CLANG_ANALYZER_NONNULL = YES;
				CLANG_ANALYZER_NUMBER_OBJECT_CONVERSION = YES_AGGRESSIVE;
				CLANG_CXX_LANGUAGE_STANDARD = "gnu++14";
				CLANG_CXX_LIBRARY = "libc++";
				CLANG_ENABLE_MODULES = YES;
				CLANG_ENABLE_OBJC_ARC = YES;
				CLANG_WARN_BLOCK_CAPTURE_AUTORELEASING = YES;
				CLANG_WARN_BOOL_CONVERSION = YES;
				CLANG_WARN_COMMA = YES;
				CLANG_WARN_CONSTANT_CONVERSION = YES;
				CLANG_WARN_DIRECT_OBJC_ISA_USAGE = YES_ERROR;
				CLANG_WARN_DOCUMENTATION_COMMENTS = YES;
				CLANG_WARN_EMPTY_BODY = YES;
				CLANG_WARN_ENUM_CONVERSION = YES;
				CLANG_WARN_INFINITE_RECURSION = YES;
				CLANG_WARN_INT_CONVERSION = YES;
				CLANG_WARN_NON_LITERAL_NULL_CONVERSION = YES;
				CLANG_WARN_OBJC_LITERAL_CONVERSION = YES;
				CLANG_WARN_OBJC_ROOT_CLASS = YES_ERROR;
				CLANG_WARN_RANGE_LOOP_ANALYSIS = YES;
				CLANG_WARN_STRICT_PROTOTYPES = YES;
				CLANG_WARN_SUSPICIOUS_MOVE = YES;
				CLANG_WARN_UNGUARDED_AVAILABILITY = YES_AGGRESSIVE;
				CLANG_WARN_UNREACHABLE_CODE = YES;
				CLANG_WARN__DUPLICATE_METHOD_MATCH = YES;
				CODE_SIGN_IDENTITY = "iPhone Developer";
				COPY_PHASE_STRIP = NO;
				DEBUG_INFORMATION_FORMAT = "dwarf-with-dsym";
				ENABLE_NS_ASSERTIONS = NO;
				ENABLE_STRICT_OBJC_MSGSEND = YES;
				GCC_C_LANGUAGE_STANDARD = gnu11;
				GCC_NO_COMMON_BLOCKS = YES;
				GCC_WARN_64_TO_32_BIT_CONVERSION = YES;
				GCC_WARN_ABOUT_RETURN_TYPE = YES_ERROR;
				GCC_WARN_UNDECLARED_SELECTOR = YES;
				GCC_WARN_UNINITIALIZED_AUTOS = YES_AGGRESSIVE;
				GCC_WARN_UNUSED_FUNCTION = YES;
				GCC_WARN_UNUSED_VARIABLE = YES;
				IPHONEOS_DEPLOYMENT_TARGET = 11.2;
				MTL_ENABLE_DEBUG_INFO = NO;
				SDKROOT = iphoneos;
				SWIFT_OPTIMIZATION_LEVEL = "-Owholemodule";
				VALIDATE_PRODUCT = YES;
			};
			name = Release;
		};
		84F2BA8F2062A137006F6BF4 /* Debug */ = {
			isa = XCBuildConfiguration;
			buildSettings = {
				ASSETCATALOG_COMPILER_APPICON_NAME = AppIcon;
				CODE_SIGN_STYLE = Automatic;
				DEVELOPMENT_TEAM = ZX468YNYN5;
				INFOPLIST_FILE = CarRacing/Info.plist;
				LD_RUNPATH_SEARCH_PATHS = "$(inherited) @executable_path/Frameworks";
				PRODUCT_BUNDLE_IDENTIFIER = technity.CarRacing;
				PRODUCT_NAME = "$(TARGET_NAME)";
				SWIFT_VERSION = 4.0;
				TARGETED_DEVICE_FAMILY = "1,2";
			};
			name = Debug;
		};
		84F2BA902062A137006F6BF4 /* Release */ = {
			isa = XCBuildConfiguration;
			buildSettings = {
				ASSETCATALOG_COMPILER_APPICON_NAME = AppIcon;
				CODE_SIGN_STYLE = Automatic;
				DEVELOPMENT_TEAM = ZX468YNYN5;
				INFOPLIST_FILE = CarRacing/Info.plist;
				LD_RUNPATH_SEARCH_PATHS = "$(inherited) @executable_path/Frameworks";
				PRODUCT_BUNDLE_IDENTIFIER = technity.CarRacing;
				PRODUCT_NAME = "$(TARGET_NAME)";
				SWIFT_VERSION = 4.0;
				TARGETED_DEVICE_FAMILY = "1,2";
			};
			name = Release;
		};
		84F2BA922062A137006F6BF4 /* Debug */ = {
			isa = XCBuildConfiguration;
			buildSettings = {
				ALWAYS_EMBED_SWIFT_STANDARD_LIBRARIES = YES;
				BUNDLE_LOADER = "$(TEST_HOST)";
				CODE_SIGN_STYLE = Automatic;
				INFOPLIST_FILE = CarRacingTests/Info.plist;
				LD_RUNPATH_SEARCH_PATHS = "$(inherited) @executable_path/Frameworks @loader_path/Frameworks";
				PRODUCT_BUNDLE_IDENTIFIER = technity.CarRacingTests;
				PRODUCT_NAME = "$(TARGET_NAME)";
				SWIFT_VERSION = 4.0;
				TARGETED_DEVICE_FAMILY = "1,2";
				TEST_HOST = "$(BUILT_PRODUCTS_DIR)/CarRacing.app/CarRacing";
			};
			name = Debug;
		};
		84F2BA932062A137006F6BF4 /* Release */ = {
			isa = XCBuildConfiguration;
			buildSettings = {
				ALWAYS_EMBED_SWIFT_STANDARD_LIBRARIES = YES;
				BUNDLE_LOADER = "$(TEST_HOST)";
				CODE_SIGN_STYLE = Automatic;
				INFOPLIST_FILE = CarRacingTests/Info.plist;
				LD_RUNPATH_SEARCH_PATHS = "$(inherited) @executable_path/Frameworks @loader_path/Frameworks";
				PRODUCT_BUNDLE_IDENTIFIER = technity.CarRacingTests;
				PRODUCT_NAME = "$(TARGET_NAME)";
				SWIFT_VERSION = 4.0;
				TARGETED_DEVICE_FAMILY = "1,2";
				TEST_HOST = "$(BUILT_PRODUCTS_DIR)/CarRacing.app/CarRacing";
			};
			name = Release;
		};
		84F2BA952062A137006F6BF4 /* Debug */ = {
			isa = XCBuildConfiguration;
			buildSettings = {
				ALWAYS_EMBED_SWIFT_STANDARD_LIBRARIES = YES;
				CODE_SIGN_STYLE = Automatic;
				INFOPLIST_FILE = CarRacingUITests/Info.plist;
				LD_RUNPATH_SEARCH_PATHS = "$(inherited) @executable_path/Frameworks @loader_path/Frameworks";
				PRODUCT_BUNDLE_IDENTIFIER = technity.CarRacingUITests;
				PRODUCT_NAME = "$(TARGET_NAME)";
				SWIFT_VERSION = 4.0;
				TARGETED_DEVICE_FAMILY = "1,2";
				TEST_TARGET_NAME = CarRacing;
			};
			name = Debug;
		};
		84F2BA962062A137006F6BF4 /* Release */ = {
			isa = XCBuildConfiguration;
			buildSettings = {
				ALWAYS_EMBED_SWIFT_STANDARD_LIBRARIES = YES;
				CODE_SIGN_STYLE = Automatic;
				INFOPLIST_FILE = CarRacingUITests/Info.plist;
				LD_RUNPATH_SEARCH_PATHS = "$(inherited) @executable_path/Frameworks @loader_path/Frameworks";
				PRODUCT_BUNDLE_IDENTIFIER = technity.CarRacingUITests;
				PRODUCT_NAME = "$(TARGET_NAME)";
				SWIFT_VERSION = 4.0;
				TARGETED_DEVICE_FAMILY = "1,2";
				TEST_TARGET_NAME = CarRacing;
			};
			name = Release;
		};
/* End XCBuildConfiguration section */

/* Begin XCConfigurationList section */
		84F2BA612062A137006F6BF4 /* Build configuration list for PBXProject "CarRacing" */ = {
			isa = XCConfigurationList;
			buildConfigurations = (
				84F2BA8C2062A137006F6BF4 /* Debug */,
				84F2BA8D2062A137006F6BF4 /* Release */,
			);
			defaultConfigurationIsVisible = 0;
			defaultConfigurationName = Release;
		};
		84F2BA8E2062A137006F6BF4 /* Build configuration list for PBXNativeTarget "CarRacing" */ = {
			isa = XCConfigurationList;
			buildConfigurations = (
				84F2BA8F2062A137006F6BF4 /* Debug */,
				84F2BA902062A137006F6BF4 /* Release */,
			);
			defaultConfigurationIsVisible = 0;
			defaultConfigurationName = Release;
		};
		84F2BA912062A137006F6BF4 /* Build configuration list for PBXNativeTarget "CarRacingTests" */ = {
			isa = XCConfigurationList;
			buildConfigurations = (
				84F2BA922062A137006F6BF4 /* Debug */,
				84F2BA932062A137006F6BF4 /* Release */,
			);
			defaultConfigurationIsVisible = 0;
			defaultConfigurationName = Release;
		};
		84F2BA942062A137006F6BF4 /* Build configuration list for PBXNativeTarget "CarRacingUITests" */ = {
			isa = XCConfigurationList;
			buildConfigurations = (
				84F2BA952062A137006F6BF4 /* Debug */,
				84F2BA962062A137006F6BF4 /* Release */,
			);
			defaultConfigurationIsVisible = 0;
			defaultConfigurationName = Release;
		};
/* End XCConfigurationList section */
	};
	rootObject = 84F2BA5E2062A137006F6BF4 /* Project object */;
}
